<?xml version="1.0" encoding="utf-8"?>
<Project ToolsVersion="17.0" xmlns="http://schemas.microsoft.com/developer/msbuild/2003">
  <ItemGroup>
    <ClCompile Include="D:\dev\DrawSpace\renderme\SYSTEM_view\src\viewsystem.cpp">
      <Filter>Source Files</Filter>
    </ClCompile>
  </ItemGroup>
  <ItemGroup>
    <ClInclude Include="D:\dev\DrawSpace\renderme\SYSTEM_view\src\viewsystem.h">
      <Filter>Header Files</Filter>
    </ClInclude>
  </ItemGroup>
  <ItemGroup>
    <Filter Include="Header Files">
      <UniqueIdentifier>{93D15E83-E54E-38AD-B938-67A204BB27EA}</UniqueIdentifier>
    </Filter>
    <Filter Include="Source Files">
      <UniqueIdentifier>{C848FE03-A608-3BFD-B1E5-605146901D3D}</UniqueIdentifier>
    </Filter>
  </ItemGroup>
</Project>
