<?xml version="1.0" encoding="utf-8"?>
<Project ToolsVersion="4.0" xmlns="http://schemas.microsoft.com/developer/msbuild/2003">
  <ItemGroup>
    <ClCompile Include="src\main.cpp">
      <Filter>Source Files</Filter>
    </ClCompile>
    <ClCompile Include="src\planetsetupsubservice.cpp">
      <Filter>Source Files</Filter>
    </ClCompile>
    <ClCompile Include="src\planetviewsubservice.cpp">
      <Filter>Source Files</Filter>
    </ClCompile>
    <ClCompile Include="src\astrolabroot.cpp">
      <Filter>Source Files</Filter>
    </ClCompile>
    <ClCompile Include="src\mainloopservice.cpp">
      <Filter>Source Files</Filter>
    </ClCompile>
    <ClCompile Include="src\planetgroundsetupsubservice.cpp">
      <Filter>Source Files</Filter>
    </ClCompile>
    <ClCompile Include="src\statusbartimer.cpp">
      <Filter>Source Files</Filter>
    </ClCompile>
    <ClCompile Include="src\planetseedssetupsubservice.cpp">
      <Filter>Source Files</Filter>
    </ClCompile>
    <ClCompile Include="src\planetfogatmosetupsubservice.cpp">
      <Filter>Source Files</Filter>
    </ClCompile>
  </ItemGroup>
  <ItemGroup>
    <Filter Include="Source Files">
      <UniqueIdentifier>{444bd206-24c1-4527-aed4-f9e37328b5e1}</UniqueIdentifier>
    </Filter>
  </ItemGroup>
  <ItemGroup>
    <ClInclude Include="src\mainloopservice.h">
      <Filter>Source Files</Filter>
    </ClInclude>
    <ClInclude Include="src\planetsetupsubservice.h">
      <Filter>Source Files</Filter>
    </ClInclude>
    <ClInclude Include="src\crtp_singleton.h">
      <Filter>Source Files</Filter>
    </ClInclude>
    <ClInclude Include="src\planetviewsubservice.h">
      <Filter>Source Files</Filter>
    </ClInclude>
    <ClInclude Include="src\astrolabroot.h">
      <Filter>Source Files</Filter>
    </ClInclude>
    <ClInclude Include="src\planetscenenodeconfig.h">
      <Filter>Source Files</Filter>
    </ClInclude>
    <ClInclude Include="src\planetgroundsetupsubservice.h">
      <Filter>Source Files</Filter>
    </ClInclude>
    <ClInclude Include="src\nodeplanetinfos.h">
      <Filter>Source Files</Filter>
    </ClInclude>
    <ClInclude Include="src\statusbartimer.h">
      <Filter>Source Files</Filter>
    </ClInclude>
    <ClInclude Include="src\planetseedssetupsubservice.h">
      <Filter>Source Files</Filter>
    </ClInclude>
    <ClInclude Include="src\planetfogatmosetupsubservice.h">
      <Filter>Source Files</Filter>
    </ClInclude>
  </ItemGroup>
</Project>