<?xml version="1.0" encoding="utf-8"?>
<Project ToolsVersion="4.0" xmlns="http://schemas.microsoft.com/developer/msbuild/2003">
  <ItemGroup>
    <Filter Include="Source Files">
      <UniqueIdentifier>{4FC737F1-C7A5-4376-A066-2A32D752A2FF}</UniqueIdentifier>
      <Extensions>cpp;c;cc;cxx;def;odl;idl;hpj;bat;asm;asmx</Extensions>
    </Filter>
  </ItemGroup>
  <ItemGroup>
    <ClCompile Include="src\lua_drawspace.cpp">
      <Filter>Source Files</Filter>
    </ClCompile>
    <ClCompile Include="src\lua_matrix.cpp">
      <Filter>Source Files</Filter>
    </ClCompile>
    <ClCompile Include="src\lua_vector.cpp">
      <Filter>Source Files</Filter>
    </ClCompile>
    <ClCompile Include="src\luacontext.cpp">
      <Filter>Source Files</Filter>
    </ClCompile>
    <ClCompile Include="src\luascripting.cpp">
      <Filter>Source Files</Filter>
    </ClCompile>
    <ClCompile Include="src\lua_real.cpp">
      <Filter>Source Files</Filter>
    </ClCompile>
    <ClCompile Include="src\lua_keyboard.cpp">
      <Filter>Source Files</Filter>
    </ClCompile>
    <ClCompile Include="src\lua_mouse.cpp">
      <Filter>Source Files</Filter>
    </ClCompile>
    <ClCompile Include="src\lua_spaceboxnode.cpp">
      <Filter>Source Files</Filter>
    </ClCompile>
    <ClCompile Include="src\lua_transformnode.cpp">
      <Filter>Source Files</Filter>
    </ClCompile>
    <ClCompile Include="src\lua_camerapointnode.cpp">
      <Filter>Source Files</Filter>
    </ClCompile>
    <ClCompile Include="src\lua_fpsmovementnode.cpp">
      <Filter>Source Files</Filter>
    </ClCompile>
    <ClCompile Include="src\lua_chunknode.cpp">
      <Filter>Source Files</Filter>
    </ClCompile>
    <ClCompile Include="src\lua_linearmovementnode.cpp">
      <Filter>Source Files</Filter>
    </ClCompile>
  </ItemGroup>
  <ItemGroup>
    <ClInclude Include="src\lua_drawspace.h">
      <Filter>Source Files</Filter>
    </ClInclude>
    <ClInclude Include="src\lua_matrix.h">
      <Filter>Source Files</Filter>
    </ClInclude>
    <ClInclude Include="src\lua_vector.h">
      <Filter>Source Files</Filter>
    </ClInclude>
    <ClInclude Include="src\luacontext.h">
      <Filter>Source Files</Filter>
    </ClInclude>
    <ClInclude Include="src\luascripting.h">
      <Filter>Source Files</Filter>
    </ClInclude>
    <ClInclude Include="src\luna.h">
      <Filter>Source Files</Filter>
    </ClInclude>
    <ClInclude Include="src\lua_real.h">
      <Filter>Source Files</Filter>
    </ClInclude>
    <ClInclude Include="src\lua_keyboard.h">
      <Filter>Source Files</Filter>
    </ClInclude>
    <ClInclude Include="src\lua_mouse.h">
      <Filter>Source Files</Filter>
    </ClInclude>
    <ClInclude Include="src\lua_spaceboxnode.h">
      <Filter>Source Files</Filter>
    </ClInclude>
    <ClInclude Include="src\lua_transformnode.h">
      <Filter>Source Files</Filter>
    </ClInclude>
    <ClInclude Include="src\lua_camerapointnode.h">
      <Filter>Source Files</Filter>
    </ClInclude>
    <ClInclude Include="src\lua_fpsmovementnode.h">
      <Filter>Source Files</Filter>
    </ClInclude>
    <ClInclude Include="src\lua_chunknode.h">
      <Filter>Source Files</Filter>
    </ClInclude>
    <ClInclude Include="src\lua_linearmovementnode.h">
      <Filter>Source Files</Filter>
    </ClInclude>
  </ItemGroup>
</Project>