<?xml version="1.0" encoding="utf-8"?>
<Project ToolsVersion="4.0" xmlns="http://schemas.microsoft.com/developer/msbuild/2003">
  <ItemGroup>
    <Filter Include="core">
      <UniqueIdentifier>{1c52d78b-eb20-4498-984a-fae1e0aa8fbc}</UniqueIdentifier>
    </Filter>
    <Filter Include="dynamics">
      <UniqueIdentifier>{69d19a68-e110-4882-a504-25e51b34dfcc}</UniqueIdentifier>
    </Filter>
    <Filter Include="framework">
      <UniqueIdentifier>{2b54a03b-1159-4b94-aa4f-fed1205d17c1}</UniqueIdentifier>
    </Filter>
    <Filter Include="interface">
      <UniqueIdentifier>{1e6c4210-4d75-4a94-961d-9a77e6428f00}</UniqueIdentifier>
    </Filter>
    <Filter Include="utils">
      <UniqueIdentifier>{9395289b-9ea5-48df-8a11-b3f8ed24fde2}</UniqueIdentifier>
    </Filter>
    <Filter Include="sphericalLOD">
      <UniqueIdentifier>{65480c3b-a391-46c3-a3cd-57b8cfc1499d}</UniqueIdentifier>
    </Filter>
    <Filter Include="logging">
      <UniqueIdentifier>{929db6ab-c482-4431-a7b9-9cff1cc19bb0}</UniqueIdentifier>
    </Filter>
    <Filter Include="procedural">
      <UniqueIdentifier>{56a6aed0-8cdc-4aaa-896a-041de23ca8b0}</UniqueIdentifier>
    </Filter>
    <Filter Include="interface\module">
      <UniqueIdentifier>{ca2c3f9d-f98d-475d-a99b-e6b13ae60346}</UniqueIdentifier>
    </Filter>
    <Filter Include="module">
      <UniqueIdentifier>{39bf7d1b-7ace-4f96-ba23-0ed16d8a10c2}</UniqueIdentifier>
    </Filter>
    <Filter Include="threading">
      <UniqueIdentifier>{e414fc7c-3a03-4c33-b975-e2a3c971bae4}</UniqueIdentifier>
    </Filter>
    <Filter Include="aspectimplementations">
      <UniqueIdentifier>{ba0c2578-adf7-4170-bdbe-149efc7215a9}</UniqueIdentifier>
    </Filter>
    <Filter Include="interface\aspectimplementations">
      <UniqueIdentifier>{0430660f-b891-44a1-baad-ca751813ea0d}</UniqueIdentifier>
    </Filter>
    <Filter Include="systems">
      <UniqueIdentifier>{43cec8a6-da20-4c4c-8074-97bd1814b5ee}</UniqueIdentifier>
    </Filter>
    <Filter Include="aspect">
      <UniqueIdentifier>{55d4a296-3734-4ae7-a5f1-b0cbe2d336c3}</UniqueIdentifier>
    </Filter>
    <Filter Include="entitygraph">
      <UniqueIdentifier>{b3c8ef2b-8c89-4ab6-a9c4-718549d2b7f0}</UniqueIdentifier>
    </Filter>
    <Filter Include="rendergraph">
      <UniqueIdentifier>{902b295c-6ff0-438e-b512-8255edd13bbd}</UniqueIdentifier>
    </Filter>
    <Filter Include="interface\system">
      <UniqueIdentifier>{3818ccd6-97c3-450b-a45c-a6048becbb0c}</UniqueIdentifier>
    </Filter>
  </ItemGroup>
  <ItemGroup>
    <ClCompile Include="src\chunk.cpp" />
    <ClCompile Include="src\pass.cpp" />
    <ClCompile Include="src\spacebox.cpp" />
    <ClCompile Include="src\viewportquad.cpp" />
    <ClCompile Include="src\circularmovement.cpp">
      <Filter>core</Filter>
    </ClCompile>
    <ClCompile Include="src\fpsmovement.cpp">
      <Filter>core</Filter>
    </ClCompile>
    <ClCompile Include="src\freemovement.cpp">
      <Filter>core</Filter>
    </ClCompile>
    <ClCompile Include="src\fx.cpp">
      <Filter>core</Filter>
    </ClCompile>
    <ClCompile Include="src\headmovement.cpp">
      <Filter>core</Filter>
    </ClCompile>
    <ClCompile Include="src\linearmovement.cpp">
      <Filter>core</Filter>
    </ClCompile>
    <ClCompile Include="src\longlatmovement.cpp">
      <Filter>core</Filter>
    </ClCompile>
    <ClCompile Include="src\meshe.cpp">
      <Filter>core</Filter>
    </ClCompile>
    <ClCompile Include="src\movement.cpp">
      <Filter>core</Filter>
    </ClCompile>
    <ClCompile Include="src\renderingnode.cpp">
      <Filter>core</Filter>
    </ClCompile>
    <ClCompile Include="src\renderingqueue.cpp">
      <Filter>core</Filter>
    </ClCompile>
    <ClCompile Include="src\renderstate.cpp">
      <Filter>core</Filter>
    </ClCompile>
    <ClCompile Include="src\scenenode.cpp">
      <Filter>core</Filter>
    </ClCompile>
    <ClCompile Include="src\scenenodegraph.cpp">
      <Filter>core</Filter>
    </ClCompile>
    <ClCompile Include="src\shader.cpp">
      <Filter>core</Filter>
    </ClCompile>
    <ClCompile Include="src\spectatormovement.cpp">
      <Filter>core</Filter>
    </ClCompile>
    <ClCompile Include="src\texture.cpp">
      <Filter>core</Filter>
    </ClCompile>
    <ClCompile Include="src\transformation.cpp">
      <Filter>core</Filter>
    </ClCompile>
    <ClCompile Include="src\body.cpp">
      <Filter>dynamics</Filter>
    </ClCompile>
    <ClCompile Include="src\calendar.cpp">
      <Filter>dynamics</Filter>
    </ClCompile>
    <ClCompile Include="src\camerapoint.cpp">
      <Filter>dynamics</Filter>
    </ClCompile>
    <ClCompile Include="src\collider.cpp">
      <Filter>dynamics</Filter>
    </ClCompile>
    <ClCompile Include="src\inertbody.cpp">
      <Filter>dynamics</Filter>
    </ClCompile>
    <ClCompile Include="src\orbiter.cpp">
      <Filter>dynamics</Filter>
    </ClCompile>
    <ClCompile Include="src\rocket.cpp">
      <Filter>dynamics</Filter>
    </ClCompile>
    <ClCompile Include="src\world.cpp">
      <Filter>dynamics</Filter>
    </ClCompile>
    <ClCompile Include="src\dsapp.cpp">
      <Filter>framework</Filter>
    </ClCompile>
    <ClCompile Include="src\spherelod_body.cpp">
      <Filter>sphericalLOD</Filter>
    </ClCompile>
    <ClCompile Include="src\spherelod_drawing.cpp">
      <Filter>sphericalLOD</Filter>
    </ClCompile>
    <ClCompile Include="src\spherelod_face.cpp">
      <Filter>sphericalLOD</Filter>
    </ClCompile>
    <ClCompile Include="src\spherelod_patch.cpp">
      <Filter>sphericalLOD</Filter>
    </ClCompile>
    <ClCompile Include="src\file.cpp">
      <Filter>utils</Filter>
    </ClCompile>
    <ClCompile Include="src\maths.cpp">
      <Filter>utils</Filter>
    </ClCompile>
    <ClCompile Include="src\matrix.cpp">
      <Filter>utils</Filter>
    </ClCompile>
    <ClCompile Include="src\memalloc.cpp">
      <Filter>utils</Filter>
    </ClCompile>
    <ClCompile Include="src\misc_utils.cpp">
      <Filter>utils</Filter>
    </ClCompile>
    <ClCompile Include="src\mutex.cpp">
      <Filter>utils</Filter>
    </ClCompile>
    <ClCompile Include="src\parser.cpp">
      <Filter>utils</Filter>
    </ClCompile>
    <ClCompile Include="src\quadtree.cpp">
      <Filter>utils</Filter>
    </ClCompile>
    <ClCompile Include="src\quaternion.cpp">
      <Filter>utils</Filter>
    </ClCompile>
    <ClCompile Include="src\timemanager.cpp">
      <Filter>utils</Filter>
    </ClCompile>
    <ClCompile Include="src\vector.cpp">
      <Filter>utils</Filter>
    </ClCompile>
    <ClCompile Include="src\logconf.cpp">
      <Filter>logging</Filter>
    </ClCompile>
    <ClCompile Include="src\logoutputfile.cpp">
      <Filter>logging</Filter>
    </ClCompile>
    <ClCompile Include="src\logsink.cpp">
      <Filter>logging</Filter>
    </ClCompile>
    <ClCompile Include="src\drawspace_commons.cpp" />
    <ClCompile Include="src\ac3dmeshe.cpp">
      <Filter>utils</Filter>
    </ClCompile>
    <ClCompile Include="src\clouds.cpp" />
    <ClCompile Include="src\procedural_blocs.cpp">
      <Filter>procedural</Filter>
    </ClCompile>
    <ClCompile Include="src\procedural_parser.cpp">
      <Filter>procedural</Filter>
    </ClCompile>
    <ClCompile Include="src\procedural_seeds.cpp">
      <Filter>procedural</Filter>
    </ClCompile>
    <ClCompile Include="src\spherelod_config.cpp">
      <Filter>sphericalLOD</Filter>
    </ClCompile>
    <ClCompile Include="src\spherelod_subpass.cpp">
      <Filter>sphericalLOD</Filter>
    </ClCompile>
    <ClCompile Include="src\spherelod_binder.cpp">
      <Filter>sphericalLOD</Filter>
    </ClCompile>
    <ClCompile Include="src\spherelod_collisions.cpp">
      <Filter>sphericalLOD</Filter>
    </ClCompile>
    <ClCompile Include="src\spherelod_layer.cpp">
      <Filter>sphericalLOD</Filter>
    </ClCompile>
    <ClCompile Include="src\spherelod_root.cpp">
      <Filter>sphericalLOD</Filter>
    </ClCompile>
    <ClCompile Include="src\piload.cpp">
      <Filter>utils</Filter>
    </ClCompile>
    <ClCompile Include="src\module_keys.cpp">
      <Filter>module</Filter>
    </ClCompile>
    <ClCompile Include="src\module_root.cpp">
      <Filter>interface\module</Filter>
    </ClCompile>
    <ClCompile Include="src\jsonparser.cpp">
      <Filter>utils</Filter>
    </ClCompile>
    <ClCompile Include="src\renderstatesset.cpp">
      <Filter>core</Filter>
    </ClCompile>
    <ClCompile Include="src\runner.cpp">
      <Filter>threading</Filter>
    </ClCompile>
    <ClCompile Include="src\mediator.cpp">
      <Filter>threading</Filter>
    </ClCompile>
    <ClCompile Include="src\textrenderingaspectimpl.cpp">
      <Filter>aspectimplementations</Filter>
    </ClCompile>
    <ClCompile Include="src\passesrenderingaspectimpl.cpp">
      <Filter>aspectimplementations</Filter>
    </ClCompile>
    <ClCompile Include="src\mesherenderingaspectimpl.cpp">
      <Filter>aspectimplementations</Filter>
    </ClCompile>
    <ClCompile Include="src\rawtransformaspectimpl.cpp">
      <Filter>aspectimplementations</Filter>
    </ClCompile>
    <ClCompile Include="src\renderingaspect.cpp">
      <Filter>aspect</Filter>
    </ClCompile>
    <ClCompile Include="src\entitynode.cpp">
      <Filter>entitygraph</Filter>
    </ClCompile>
    <ClCompile Include="src\entitynodegraph.cpp">
      <Filter>entitygraph</Filter>
    </ClCompile>
    <ClCompile Include="src\cameraaspect.cpp">
      <Filter>aspect</Filter>
    </ClCompile>
    <ClCompile Include="src\renderpassnode.cpp">
      <Filter>rendergraph</Filter>
    </ClCompile>
    <ClCompile Include="src\renderpassnodegraph.cpp">
      <Filter>rendergraph</Filter>
    </ClCompile>
    <ClCompile Include="src\rendersystem.cpp">
      <Filter>systems</Filter>
    </ClCompile>
    <ClCompile Include="src\transformaspect.cpp">
      <Filter>aspect</Filter>
    </ClCompile>
    <ClCompile Include="src\transformsystem.cpp">
      <Filter>systems</Filter>
    </ClCompile>
    <ClCompile Include="src\physicssystem.cpp">
      <Filter>systems</Filter>
    </ClCompile>
    <ClCompile Include="src\physicsaspect.cpp">
      <Filter>aspect</Filter>
    </ClCompile>
    <ClCompile Include="src\bodyaspect.cpp">
      <Filter>aspect</Filter>
    </ClCompile>
    <ClCompile Include="src\bodytransformaspectimpl.cpp">
      <Filter>aspectimplementations</Filter>
    </ClCompile>
    <ClCompile Include="src\timesystem.cpp">
      <Filter>systems</Filter>
    </ClCompile>
    <ClCompile Include="src\timeaspect.cpp">
      <Filter>aspect</Filter>
    </ClCompile>
    <ClCompile Include="src\orbittransformaspectimpl.cpp">
      <Filter>aspectimplementations</Filter>
    </ClCompile>
    <ClCompile Include="src\revolutiontransformaspectimpl.cpp">
      <Filter>aspectimplementations</Filter>
    </ClCompile>
    <ClCompile Include="src\serviceaspect.cpp">
      <Filter>aspect</Filter>
    </ClCompile>
    <ClCompile Include="src\servicesystem.cpp">
      <Filter>systems</Filter>
    </ClCompile>
    <ClCompile Include="src\impostorsrenderingaspectimpl.cpp">
      <Filter>aspectimplementations</Filter>
    </ClCompile>
    <ClCompile Include="src\hub.cpp">
      <Filter>systems</Filter>
    </ClCompile>
    <ClCompile Include="src\tracesystem.cpp">
      <Filter>systems</Filter>
    </ClCompile>
    <ClCompile Include="src\quadrenderingaspectimpl.cpp">
      <Filter>aspectimplementations</Filter>
    </ClCompile>
  </ItemGroup>
  <ItemGroup>
    <ClInclude Include="src\chunk.h" />
    <ClInclude Include="src\drawspace.h" />
    <ClInclude Include="src\drawspace_commons.h" />
    <ClInclude Include="src\flags.h" />
    <ClInclude Include="src\pass.h" />
    <ClInclude Include="src\spacebox.h" />
    <ClInclude Include="src\viewportquad.h" />
    <ClInclude Include="src\callback.h">
      <Filter>core</Filter>
    </ClInclude>
    <ClInclude Include="src\circularmovement.h">
      <Filter>core</Filter>
    </ClInclude>
    <ClInclude Include="src\fpsmovement.h">
      <Filter>core</Filter>
    </ClInclude>
    <ClInclude Include="src\freemovement.h">
      <Filter>core</Filter>
    </ClInclude>
    <ClInclude Include="src\fx.h">
      <Filter>core</Filter>
    </ClInclude>
    <ClInclude Include="src\headmovement.h">
      <Filter>core</Filter>
    </ClInclude>
    <ClInclude Include="src\linearmovement.h">
      <Filter>core</Filter>
    </ClInclude>
    <ClInclude Include="src\longlatmovement.h">
      <Filter>core</Filter>
    </ClInclude>
    <ClInclude Include="src\meshe.h">
      <Filter>core</Filter>
    </ClInclude>
    <ClInclude Include="src\movement.h">
      <Filter>core</Filter>
    </ClInclude>
    <ClInclude Include="src\plugin.h">
      <Filter>core</Filter>
    </ClInclude>
    <ClInclude Include="src\renderingnode.h">
      <Filter>core</Filter>
    </ClInclude>
    <ClInclude Include="src\renderingqueue.h">
      <Filter>core</Filter>
    </ClInclude>
    <ClInclude Include="src\renderstate.h">
      <Filter>core</Filter>
    </ClInclude>
    <ClInclude Include="src\scenenode.h">
      <Filter>core</Filter>
    </ClInclude>
    <ClInclude Include="src\scenenodegraph.h">
      <Filter>core</Filter>
    </ClInclude>
    <ClInclude Include="src\shader.h">
      <Filter>core</Filter>
    </ClInclude>
    <ClInclude Include="src\spectatormovement.h">
      <Filter>core</Filter>
    </ClInclude>
    <ClInclude Include="src\texture.h">
      <Filter>core</Filter>
    </ClInclude>
    <ClInclude Include="src\transformation.h">
      <Filter>core</Filter>
    </ClInclude>
    <ClInclude Include="src\triangle.h">
      <Filter>core</Filter>
    </ClInclude>
    <ClInclude Include="src\vertex.h">
      <Filter>core</Filter>
    </ClInclude>
    <ClInclude Include="src\body.h">
      <Filter>dynamics</Filter>
    </ClInclude>
    <ClInclude Include="src\calendar.h">
      <Filter>dynamics</Filter>
    </ClInclude>
    <ClInclude Include="src\camerapoint.h">
      <Filter>dynamics</Filter>
    </ClInclude>
    <ClInclude Include="src\collider.h">
      <Filter>dynamics</Filter>
    </ClInclude>
    <ClInclude Include="src\inertbody.h">
      <Filter>dynamics</Filter>
    </ClInclude>
    <ClInclude Include="src\orbiter.h">
      <Filter>dynamics</Filter>
    </ClInclude>
    <ClInclude Include="src\rocket.h">
      <Filter>dynamics</Filter>
    </ClInclude>
    <ClInclude Include="src\world.h">
      <Filter>dynamics</Filter>
    </ClInclude>
    <ClInclude Include="src\dsapp.h">
      <Filter>framework</Filter>
    </ClInclude>
    <ClInclude Include="src\mesheimport.h">
      <Filter>interface</Filter>
    </ClInclude>
    <ClInclude Include="src\renderer.h">
      <Filter>interface</Filter>
    </ClInclude>
    <ClInclude Include="src\spherelod_body.h">
      <Filter>sphericalLOD</Filter>
    </ClInclude>
    <ClInclude Include="src\spherelod_drawing.h">
      <Filter>sphericalLOD</Filter>
    </ClInclude>
    <ClInclude Include="src\spherelod_face.h">
      <Filter>sphericalLOD</Filter>
    </ClInclude>
    <ClInclude Include="src\spherelod_patch.h">
      <Filter>sphericalLOD</Filter>
    </ClInclude>
    <ClInclude Include="src\exceptions.h">
      <Filter>utils</Filter>
    </ClInclude>
    <ClInclude Include="src\file.h">
      <Filter>utils</Filter>
    </ClInclude>
    <ClInclude Include="src\maths.h">
      <Filter>utils</Filter>
    </ClInclude>
    <ClInclude Include="src\matrix.h">
      <Filter>utils</Filter>
    </ClInclude>
    <ClInclude Include="src\md5.h">
      <Filter>utils</Filter>
    </ClInclude>
    <ClInclude Include="src\memalloc.h">
      <Filter>utils</Filter>
    </ClInclude>
    <ClInclude Include="src\misc_utils.h">
      <Filter>utils</Filter>
    </ClInclude>
    <ClInclude Include="src\mutex.h">
      <Filter>utils</Filter>
    </ClInclude>
    <ClInclude Include="src\parser.h">
      <Filter>utils</Filter>
    </ClInclude>
    <ClInclude Include="src\pimanager.h">
      <Filter>utils</Filter>
    </ClInclude>
    <ClInclude Include="src\pimanager_impl.h">
      <Filter>utils</Filter>
    </ClInclude>
    <ClInclude Include="src\quadtree.h">
      <Filter>utils</Filter>
    </ClInclude>
    <ClInclude Include="src\quaternion.h">
      <Filter>utils</Filter>
    </ClInclude>
    <ClInclude Include="src\timemanager.h">
      <Filter>utils</Filter>
    </ClInclude>
    <ClInclude Include="src\vector.h">
      <Filter>utils</Filter>
    </ClInclude>
    <ClInclude Include="src\logconf.h">
      <Filter>logging</Filter>
    </ClInclude>
    <ClInclude Include="src\logoutput.h">
      <Filter>logging</Filter>
    </ClInclude>
    <ClInclude Include="src\logoutputfile.h">
      <Filter>logging</Filter>
    </ClInclude>
    <ClInclude Include="src\logsink.h">
      <Filter>logging</Filter>
    </ClInclude>
    <ClInclude Include="src\tracedefs.h">
      <Filter>logging</Filter>
    </ClInclude>
    <ClInclude Include="src\ac3dmeshe.h">
      <Filter>utils</Filter>
    </ClInclude>
    <ClInclude Include="src\impostorsdisplaylist.h" />
    <ClInclude Include="src\clouds.h" />
    <ClInclude Include="src\procedural_blocs.h">
      <Filter>procedural</Filter>
    </ClInclude>
    <ClInclude Include="src\procedural_parser.h">
      <Filter>procedural</Filter>
    </ClInclude>
    <ClInclude Include="src\procedural_seeds.h">
      <Filter>procedural</Filter>
    </ClInclude>
    <ClInclude Include="src\spherelod_config.h">
      <Filter>sphericalLOD</Filter>
    </ClInclude>
    <ClInclude Include="src\spherelod_subpass.h">
      <Filter>sphericalLOD</Filter>
    </ClInclude>
    <ClInclude Include="src\spherelod_binder.h">
      <Filter>sphericalLOD</Filter>
    </ClInclude>
    <ClInclude Include="src\spherelod_collisions.h">
      <Filter>sphericalLOD</Filter>
    </ClInclude>
    <ClInclude Include="src\spherelod_layer.h">
      <Filter>sphericalLOD</Filter>
    </ClInclude>
    <ClInclude Include="src\spherelod_root.h">
      <Filter>sphericalLOD</Filter>
    </ClInclude>
    <ClInclude Include="src\module_root.h">
      <Filter>interface\module</Filter>
    </ClInclude>
    <ClInclude Include="src\module_service.h">
      <Filter>interface\module</Filter>
    </ClInclude>
    <ClInclude Include="src\piload.h">
      <Filter>utils</Filter>
    </ClInclude>
    <ClInclude Include="src\module_keys.h">
      <Filter>module</Filter>
    </ClInclude>
    <ClInclude Include="src\jsonparser.h">
      <Filter>utils</Filter>
    </ClInclude>
    <ClInclude Include="src\renderstatesset.h">
      <Filter>core</Filter>
    </ClInclude>
    <ClInclude Include="src\runner.h">
      <Filter>threading</Filter>
    </ClInclude>
    <ClInclude Include="src\mediator.h">
      <Filter>threading</Filter>
    </ClInclude>
    <ClInclude Include="src\task.h">
      <Filter>threading</Filter>
    </ClInclude>
    <ClInclude Include="src\entity.h">
      <Filter>core</Filter>
    </ClInclude>
    <ClInclude Include="src\aspect.h">
      <Filter>core</Filter>
    </ClInclude>
    <ClInclude Include="src\component.h">
      <Filter>core</Filter>
    </ClInclude>
    <ClInclude Include="src\renderingaspectimpl.h">
      <Filter>interface\aspectimplementations</Filter>
    </ClInclude>
    <ClInclude Include="src\textrenderingaspectimpl.h">
      <Filter>aspectimplementations</Filter>
    </ClInclude>
    <ClInclude Include="src\passesrenderingaspectimpl.h">
      <Filter>aspectimplementations</Filter>
    </ClInclude>
    <ClInclude Include="src\mesherenderingaspectimpl.h">
      <Filter>aspectimplementations</Filter>
    </ClInclude>
    <ClInclude Include="src\rawtransformaspectimpl.h">
      <Filter>aspectimplementations</Filter>
    </ClInclude>
    <ClInclude Include="src\renderingaspect.h">
      <Filter>aspect</Filter>
    </ClInclude>
    <ClInclude Include="src\entitynode.h">
      <Filter>entitygraph</Filter>
    </ClInclude>
    <ClInclude Include="src\entitynodegraph.h">
      <Filter>entitygraph</Filter>
    </ClInclude>
    <ClInclude Include="src\cameraaspect.h">
      <Filter>aspect</Filter>
    </ClInclude>
    <ClInclude Include="src\renderpassnode.h">
      <Filter>rendergraph</Filter>
    </ClInclude>
    <ClInclude Include="src\renderpassnodegraph.h">
      <Filter>rendergraph</Filter>
    </ClInclude>
    <ClInclude Include="src\transformaspect.h">
      <Filter>aspect</Filter>
    </ClInclude>
    <ClInclude Include="src\transformaspectimpl.h">
      <Filter>interface\aspectimplementations</Filter>
    </ClInclude>
    <ClInclude Include="src\transformsystem.h">
      <Filter>systems</Filter>
    </ClInclude>
    <ClInclude Include="src\physicssystem.h">
      <Filter>systems</Filter>
    </ClInclude>
    <ClInclude Include="src\physicsaspect.h">
      <Filter>aspect</Filter>
    </ClInclude>
    <ClInclude Include="src\rendersystem.h">
      <Filter>systems</Filter>
    </ClInclude>
    <ClInclude Include="src\bodyaspect.h">
      <Filter>aspect</Filter>
    </ClInclude>
    <ClInclude Include="src\bodytransformaspectimpl.h">
      <Filter>aspectimplementations</Filter>
    </ClInclude>
    <ClInclude Include="src\systems.h">
      <Filter>interface\system</Filter>
    </ClInclude>
    <ClInclude Include="src\timesystem.h">
      <Filter>systems</Filter>
    </ClInclude>
    <ClInclude Include="src\timeaspect.h">
      <Filter>aspect</Filter>
    </ClInclude>
    <ClInclude Include="src\orbittransformaspectimpl.h">
      <Filter>aspectimplementations</Filter>
    </ClInclude>
    <ClInclude Include="src\revolutiontransformaspectimpl.h">
      <Filter>aspectimplementations</Filter>
    </ClInclude>
    <ClInclude Include="src\serviceaspectimpl.h">
      <Filter>interface\aspectimplementations</Filter>
    </ClInclude>
    <ClInclude Include="src\serviceaspect.h">
      <Filter>aspect</Filter>
    </ClInclude>
    <ClInclude Include="src\servicesystem.h">
      <Filter>systems</Filter>
    </ClInclude>
    <ClInclude Include="src\impostorsrenderingaspectimpl.h">
      <Filter>aspectimplementations</Filter>
    </ClInclude>
    <ClInclude Include="src\hub.h">
      <Filter>systems</Filter>
    </ClInclude>
    <ClInclude Include="src\tracesystem.h">
      <Filter>systems</Filter>
    </ClInclude>
    <ClInclude Include="src\quadrenderingaspectimpl.h">
      <Filter>aspectimplementations</Filter>
    </ClInclude>
  </ItemGroup>
</Project>