<?xml version="1.0" encoding="utf-8"?>
<Project ToolsVersion="16.0" xmlns="http://schemas.microsoft.com/developer/msbuild/2003">
  <ItemGroup>
    <ClCompile Include="D:\dev\DrawSpace\src\ac3dmeshe.cpp">
      <Filter>utils</Filter>
    </ClCompile>
    <ClCompile Include="D:\dev\DrawSpace\src\animationsaspect.cpp">
      <Filter>aspect</Filter>
    </ClCompile>
    <ClCompile Include="D:\dev\DrawSpace\src\animationssystem.cpp">
      <Filter>systems</Filter>
    </ClCompile>
    <ClCompile Include="D:\dev\DrawSpace\src\aspect.cpp">
      <Filter>core</Filter>
    </ClCompile>
    <ClCompile Include="D:\dev\DrawSpace\src\body.cpp">
      <Filter>dynamics</Filter>
    </ClCompile>
    <ClCompile Include="D:\dev\DrawSpace\src\bodyaspect.cpp">
      <Filter>aspect</Filter>
    </ClCompile>
    <ClCompile Include="D:\dev\DrawSpace\src\bodytransformaspectimpl.cpp">
      <Filter>aspectimplementations</Filter>
    </ClCompile>
    <ClCompile Include="D:\dev\DrawSpace\src\calendar.cpp">
      <Filter>dynamics</Filter>
    </ClCompile>
    <ClCompile Include="D:\dev\DrawSpace\src\cameraaspect.cpp">
      <Filter>aspect</Filter>
    </ClCompile>
    <ClCompile Include="D:\dev\DrawSpace\src\camerapoint.cpp">
      <Filter>dynamics</Filter>
    </ClCompile>
    <ClCompile Include="D:\dev\DrawSpace\src\chunk.cpp">
      <Filter>Source Files</Filter>
    </ClCompile>
    <ClCompile Include="D:\dev\DrawSpace\src\circularmovement.cpp">
      <Filter>core</Filter>
    </ClCompile>
    <ClCompile Include="D:\dev\DrawSpace\src\clouds.cpp">
      <Filter>Source Files</Filter>
    </ClCompile>
    <ClCompile Include="D:\dev\DrawSpace\src\collider.cpp">
      <Filter>dynamics</Filter>
    </ClCompile>
    <ClCompile Include="D:\dev\DrawSpace\src\drawspace_commons.cpp">
      <Filter>Source Files</Filter>
    </ClCompile>
    <ClCompile Include="D:\dev\DrawSpace\src\dsapp.cpp">
      <Filter>framework</Filter>
    </ClCompile>
    <ClCompile Include="D:\dev\DrawSpace\src\entitynode.cpp">
      <Filter>entitygraph</Filter>
    </ClCompile>
    <ClCompile Include="D:\dev\DrawSpace\src\entitynodegraph.cpp">
      <Filter>entitygraph</Filter>
    </ClCompile>
    <ClCompile Include="D:\dev\DrawSpace\src\file.cpp">
      <Filter>utils</Filter>
    </ClCompile>
    <ClCompile Include="D:\dev\DrawSpace\src\fpsmovement.cpp">
      <Filter>core</Filter>
    </ClCompile>
    <ClCompile Include="D:\dev\DrawSpace\src\freemovement.cpp">
      <Filter>core</Filter>
    </ClCompile>
    <ClCompile Include="D:\dev\DrawSpace\src\fx.cpp">
      <Filter>core</Filter>
    </ClCompile>
    <ClCompile Include="D:\dev\DrawSpace\src\headmovement.cpp">
      <Filter>core</Filter>
    </ClCompile>
    <ClCompile Include="D:\dev\DrawSpace\src\hub.cpp">
      <Filter>systems</Filter>
    </ClCompile>
    <ClCompile Include="D:\dev\DrawSpace\src\impostorsrenderingaspectimpl.cpp">
      <Filter>aspectimplementations</Filter>
    </ClCompile>
    <ClCompile Include="D:\dev\DrawSpace\src\inertbody.cpp">
      <Filter>dynamics</Filter>
    </ClCompile>
    <ClCompile Include="D:\dev\DrawSpace\src\jsonparser.cpp">
      <Filter>utils</Filter>
    </ClCompile>
    <ClCompile Include="D:\dev\DrawSpace\src\linearmovement.cpp">
      <Filter>core</Filter>
    </ClCompile>
    <ClCompile Include="D:\dev\DrawSpace\src\logconf.cpp">
      <Filter>logging</Filter>
    </ClCompile>
    <ClCompile Include="D:\dev\DrawSpace\src\logoutputfile.cpp">
      <Filter>logging</Filter>
    </ClCompile>
    <ClCompile Include="D:\dev\DrawSpace\src\logsink.cpp">
      <Filter>logging</Filter>
    </ClCompile>
    <ClCompile Include="D:\dev\DrawSpace\src\longlatmovement.cpp">
      <Filter>core</Filter>
    </ClCompile>
    <ClCompile Include="D:\dev\DrawSpace\src\maths.cpp">
      <Filter>utils</Filter>
    </ClCompile>
    <ClCompile Include="D:\dev\DrawSpace\src\matrix.cpp">
      <Filter>utils</Filter>
    </ClCompile>
    <ClCompile Include="D:\dev\DrawSpace\src\mediator.cpp">
      <Filter>threading</Filter>
    </ClCompile>
    <ClCompile Include="D:\dev\DrawSpace\src\memalloc.cpp">
      <Filter>utils</Filter>
    </ClCompile>
    <ClCompile Include="D:\dev\DrawSpace\src\meshe.cpp">
      <Filter>core</Filter>
    </ClCompile>
    <ClCompile Include="D:\dev\DrawSpace\src\mesherenderingaspectimpl.cpp">
      <Filter>aspectimplementations</Filter>
    </ClCompile>
    <ClCompile Include="D:\dev\DrawSpace\src\misc_utils.cpp">
      <Filter>utils</Filter>
    </ClCompile>
    <ClCompile Include="D:\dev\DrawSpace\src\module_keys.cpp">
      <Filter>module</Filter>
    </ClCompile>
    <ClCompile Include="D:\dev\DrawSpace\src\module_root.cpp">
      <Filter>interface\module</Filter>
    </ClCompile>
    <ClCompile Include="D:\dev\DrawSpace\src\movement.cpp">
      <Filter>core</Filter>
    </ClCompile>
    <ClCompile Include="D:\dev\DrawSpace\src\mutex.cpp">
      <Filter>utils</Filter>
    </ClCompile>
    <ClCompile Include="D:\dev\DrawSpace\src\orbiter.cpp">
      <Filter>dynamics</Filter>
    </ClCompile>
    <ClCompile Include="D:\dev\DrawSpace\src\orbittransformaspectimpl.cpp">
      <Filter>aspectimplementations</Filter>
    </ClCompile>
    <ClCompile Include="D:\dev\DrawSpace\src\parser.cpp">
      <Filter>utils</Filter>
    </ClCompile>
    <ClCompile Include="D:\dev\DrawSpace\src\pass.cpp">
      <Filter>Source Files</Filter>
    </ClCompile>
    <ClCompile Include="D:\dev\DrawSpace\src\passesrenderingaspectimpl.cpp">
      <Filter>aspectimplementations</Filter>
    </ClCompile>
    <ClCompile Include="D:\dev\DrawSpace\src\physicsaspect.cpp">
      <Filter>aspect</Filter>
    </ClCompile>
    <ClCompile Include="D:\dev\DrawSpace\src\physicssystem.cpp">
      <Filter>systems</Filter>
    </ClCompile>
    <ClCompile Include="D:\dev\DrawSpace\src\piload.cpp">
      <Filter>utils</Filter>
    </ClCompile>
    <ClCompile Include="D:\dev\DrawSpace\src\procedural_blocs.cpp">
      <Filter>procedural</Filter>
    </ClCompile>
    <ClCompile Include="D:\dev\DrawSpace\src\procedural_parser.cpp">
      <Filter>procedural</Filter>
    </ClCompile>
    <ClCompile Include="D:\dev\DrawSpace\src\procedural_seeds.cpp">
      <Filter>procedural</Filter>
    </ClCompile>
    <ClCompile Include="D:\dev\DrawSpace\src\quadrenderingaspectimpl.cpp">
      <Filter>aspectimplementations</Filter>
    </ClCompile>
    <ClCompile Include="D:\dev\DrawSpace\src\quadtree.cpp">
      <Filter>utils</Filter>
    </ClCompile>
    <ClCompile Include="D:\dev\DrawSpace\src\quaternion.cpp">
      <Filter>utils</Filter>
    </ClCompile>
    <ClCompile Include="D:\dev\DrawSpace\src\rawtransformaspectimpl.cpp">
      <Filter>aspectimplementations</Filter>
    </ClCompile>
    <ClCompile Include="D:\dev\DrawSpace\src\renderingaspect.cpp">
      <Filter>aspect</Filter>
    </ClCompile>
    <ClCompile Include="D:\dev\DrawSpace\src\renderingnode.cpp">
      <Filter>core</Filter>
    </ClCompile>
    <ClCompile Include="D:\dev\DrawSpace\src\renderingqueue.cpp">
      <Filter>core</Filter>
    </ClCompile>
    <ClCompile Include="D:\dev\DrawSpace\src\renderpassnode.cpp">
      <Filter>rendergraph</Filter>
    </ClCompile>
    <ClCompile Include="D:\dev\DrawSpace\src\renderpassnodegraph.cpp">
      <Filter>rendergraph</Filter>
    </ClCompile>
    <ClCompile Include="D:\dev\DrawSpace\src\renderstate.cpp">
      <Filter>core</Filter>
    </ClCompile>
    <ClCompile Include="D:\dev\DrawSpace\src\renderstatesset.cpp">
      <Filter>core</Filter>
    </ClCompile>
    <ClCompile Include="D:\dev\DrawSpace\src\rendersystem.cpp">
      <Filter>systems</Filter>
    </ClCompile>
    <ClCompile Include="D:\dev\DrawSpace\src\resourcesaspect.cpp">
      <Filter>aspect</Filter>
    </ClCompile>
    <ClCompile Include="D:\dev\DrawSpace\src\resourcessystem.cpp">
      <Filter>systems</Filter>
    </ClCompile>
    <ClCompile Include="D:\dev\DrawSpace\src\revolutiontransformaspectimpl.cpp">
      <Filter>aspectimplementations</Filter>
    </ClCompile>
    <ClCompile Include="D:\dev\DrawSpace\src\rocket.cpp">
      <Filter>dynamics</Filter>
    </ClCompile>
    <ClCompile Include="D:\dev\DrawSpace\src\runner.cpp">
      <Filter>threading</Filter>
    </ClCompile>
    <ClCompile Include="D:\dev\DrawSpace\src\scenenode.cpp">
      <Filter>core</Filter>
    </ClCompile>
    <ClCompile Include="D:\dev\DrawSpace\src\scenenodegraph.cpp">
      <Filter>core</Filter>
    </ClCompile>
    <ClCompile Include="D:\dev\DrawSpace\src\serviceaspect.cpp">
      <Filter>aspect</Filter>
    </ClCompile>
    <ClCompile Include="D:\dev\DrawSpace\src\servicesystem.cpp">
      <Filter>systems</Filter>
    </ClCompile>
    <ClCompile Include="D:\dev\DrawSpace\src\shader.cpp">
      <Filter>core</Filter>
    </ClCompile>
    <ClCompile Include="D:\dev\DrawSpace\src\spacebox.cpp">
      <Filter>Source Files</Filter>
    </ClCompile>
    <ClCompile Include="D:\dev\DrawSpace\src\spectatormovement.cpp">
      <Filter>core</Filter>
    </ClCompile>
    <ClCompile Include="D:\dev\DrawSpace\src\spherelod_binder.cpp">
      <Filter>sphericalLOD</Filter>
    </ClCompile>
    <ClCompile Include="D:\dev\DrawSpace\src\spherelod_body.cpp">
      <Filter>sphericalLOD</Filter>
    </ClCompile>
    <ClCompile Include="D:\dev\DrawSpace\src\spherelod_collisions.cpp">
      <Filter>sphericalLOD</Filter>
    </ClCompile>
    <ClCompile Include="D:\dev\DrawSpace\src\spherelod_config.cpp">
      <Filter>sphericalLOD</Filter>
    </ClCompile>
    <ClCompile Include="D:\dev\DrawSpace\src\spherelod_drawing.cpp">
      <Filter>sphericalLOD</Filter>
    </ClCompile>
    <ClCompile Include="D:\dev\DrawSpace\src\spherelod_face.cpp">
      <Filter>sphericalLOD</Filter>
    </ClCompile>
    <ClCompile Include="D:\dev\DrawSpace\src\spherelod_layer.cpp">
      <Filter>sphericalLOD</Filter>
    </ClCompile>
    <ClCompile Include="D:\dev\DrawSpace\src\spherelod_patch.cpp">
      <Filter>sphericalLOD</Filter>
    </ClCompile>
    <ClCompile Include="D:\dev\DrawSpace\src\spherelod_root.cpp">
      <Filter>sphericalLOD</Filter>
    </ClCompile>
    <ClCompile Include="D:\dev\DrawSpace\src\spherelod_subpass.cpp">
      <Filter>sphericalLOD</Filter>
    </ClCompile>
    <ClCompile Include="D:\dev\DrawSpace\src\textrenderingaspectimpl.cpp">
      <Filter>aspectimplementations</Filter>
    </ClCompile>
    <ClCompile Include="D:\dev\DrawSpace\src\texture.cpp">
      <Filter>core</Filter>
    </ClCompile>
    <ClCompile Include="D:\dev\DrawSpace\src\timeaspect.cpp">
      <Filter>aspect</Filter>
    </ClCompile>
    <ClCompile Include="D:\dev\DrawSpace\src\timemanager.cpp">
      <Filter>utils</Filter>
    </ClCompile>
    <ClCompile Include="D:\dev\DrawSpace\src\timesystem.cpp">
      <Filter>systems</Filter>
    </ClCompile>
    <ClCompile Include="D:\dev\DrawSpace\src\tracesystem.cpp">
      <Filter>systems</Filter>
    </ClCompile>
    <ClCompile Include="D:\dev\DrawSpace\src\transformaspect.cpp">
      <Filter>aspect</Filter>
    </ClCompile>
    <ClCompile Include="D:\dev\DrawSpace\src\transformation.cpp">
      <Filter>core</Filter>
    </ClCompile>
    <ClCompile Include="D:\dev\DrawSpace\src\transformsystem.cpp">
      <Filter>systems</Filter>
    </ClCompile>
    <ClCompile Include="D:\dev\DrawSpace\src\vector.cpp">
      <Filter>utils</Filter>
    </ClCompile>
    <ClCompile Include="D:\dev\DrawSpace\src\viewportquad.cpp">
      <Filter>Source Files</Filter>
    </ClCompile>
    <ClCompile Include="D:\dev\DrawSpace\src\world.cpp">
      <Filter>dynamics</Filter>
    </ClCompile>
  </ItemGroup>
  <ItemGroup>
    <ClInclude Include="D:\dev\DrawSpace\src\ac3dmeshe.h">
      <Filter>utils</Filter>
    </ClInclude>
    <ClInclude Include="D:\dev\DrawSpace\src\animationsaspect.h">
      <Filter>aspect</Filter>
    </ClInclude>
    <ClInclude Include="D:\dev\DrawSpace\src\animationssystem.h">
      <Filter>systems</Filter>
    </ClInclude>
    <ClInclude Include="D:\dev\DrawSpace\src\aspect.h">
      <Filter>core</Filter>
    </ClInclude>
    <ClInclude Include="D:\dev\DrawSpace\src\body.h">
      <Filter>dynamics</Filter>
    </ClInclude>
    <ClInclude Include="D:\dev\DrawSpace\src\bodyaspect.h">
      <Filter>aspect</Filter>
    </ClInclude>
    <ClInclude Include="D:\dev\DrawSpace\src\bodytransformaspectimpl.h">
      <Filter>aspectimplementations</Filter>
    </ClInclude>
    <ClInclude Include="D:\dev\DrawSpace\src\calendar.h">
      <Filter>dynamics</Filter>
    </ClInclude>
    <ClInclude Include="D:\dev\DrawSpace\src\callback.h">
      <Filter>core</Filter>
    </ClInclude>
    <ClInclude Include="D:\dev\DrawSpace\src\cameraaspect.h">
      <Filter>aspect</Filter>
    </ClInclude>
    <ClInclude Include="D:\dev\DrawSpace\src\camerapoint.h">
      <Filter>dynamics</Filter>
    </ClInclude>
    <ClInclude Include="D:\dev\DrawSpace\src\chunk.h">
      <Filter>Header Files</Filter>
    </ClInclude>
    <ClInclude Include="D:\dev\DrawSpace\src\circularmovement.h">
      <Filter>core</Filter>
    </ClInclude>
    <ClInclude Include="D:\dev\DrawSpace\src\clouds.h">
      <Filter>Header Files</Filter>
    </ClInclude>
    <ClInclude Include="D:\dev\DrawSpace\src\collider.h">
      <Filter>dynamics</Filter>
    </ClInclude>
    <ClInclude Include="D:\dev\DrawSpace\src\component.h">
      <Filter>core</Filter>
    </ClInclude>
    <ClInclude Include="D:\dev\DrawSpace\src\drawspace.h">
      <Filter>Header Files</Filter>
    </ClInclude>
    <ClInclude Include="D:\dev\DrawSpace\src\drawspace_commons.h">
      <Filter>Header Files</Filter>
    </ClInclude>
    <ClInclude Include="D:\dev\DrawSpace\src\dsapp.h">
      <Filter>framework</Filter>
    </ClInclude>
    <ClInclude Include="D:\dev\DrawSpace\src\ecs.h">
      <Filter>Header Files</Filter>
    </ClInclude>
    <ClInclude Include="D:\dev\DrawSpace\src\entity.h">
      <Filter>core</Filter>
    </ClInclude>
    <ClInclude Include="D:\dev\DrawSpace\src\entitynode.h">
      <Filter>entitygraph</Filter>
    </ClInclude>
    <ClInclude Include="D:\dev\DrawSpace\src\entitynodegraph.h">
      <Filter>entitygraph</Filter>
    </ClInclude>
    <ClInclude Include="D:\dev\DrawSpace\src\exceptions.h">
      <Filter>utils</Filter>
    </ClInclude>
    <ClInclude Include="D:\dev\DrawSpace\src\file.h">
      <Filter>utils</Filter>
    </ClInclude>
    <ClInclude Include="D:\dev\DrawSpace\src\flags.h">
      <Filter>Header Files</Filter>
    </ClInclude>
    <ClInclude Include="D:\dev\DrawSpace\src\fpsmovement.h">
      <Filter>core</Filter>
    </ClInclude>
    <ClInclude Include="D:\dev\DrawSpace\src\freemovement.h">
      <Filter>core</Filter>
    </ClInclude>
    <ClInclude Include="D:\dev\DrawSpace\src\fx.h">
      <Filter>core</Filter>
    </ClInclude>
    <ClInclude Include="D:\dev\DrawSpace\src\headmovement.h">
      <Filter>core</Filter>
    </ClInclude>
    <ClInclude Include="D:\dev\DrawSpace\src\hub.h">
      <Filter>systems</Filter>
    </ClInclude>
    <ClInclude Include="D:\dev\DrawSpace\src\impostorsdisplaylist.h">
      <Filter>Header Files</Filter>
    </ClInclude>
    <ClInclude Include="D:\dev\DrawSpace\src\impostorsrenderingaspectimpl.h">
      <Filter>aspectimplementations</Filter>
    </ClInclude>
    <ClInclude Include="D:\dev\DrawSpace\src\inertbody.h">
      <Filter>dynamics</Filter>
    </ClInclude>
    <ClInclude Include="D:\dev\DrawSpace\src\informationsaspect.h">
      <Filter>aspect</Filter>
    </ClInclude>
    <ClInclude Include="D:\dev\DrawSpace\src\jsonparser.h">
      <Filter>utils</Filter>
    </ClInclude>
    <ClInclude Include="D:\dev\DrawSpace\src\linearmovement.h">
      <Filter>core</Filter>
    </ClInclude>
    <ClInclude Include="D:\dev\DrawSpace\src\logconf.h">
      <Filter>logging</Filter>
    </ClInclude>
    <ClInclude Include="D:\dev\DrawSpace\src\logoutput.h">
      <Filter>logging</Filter>
    </ClInclude>
    <ClInclude Include="D:\dev\DrawSpace\src\logoutputfile.h">
      <Filter>logging</Filter>
    </ClInclude>
    <ClInclude Include="D:\dev\DrawSpace\src\logsink.h">
      <Filter>logging</Filter>
    </ClInclude>
    <ClInclude Include="D:\dev\DrawSpace\src\longlatmovement.h">
      <Filter>core</Filter>
    </ClInclude>
    <ClInclude Include="D:\dev\DrawSpace\src\maths.h">
      <Filter>utils</Filter>
    </ClInclude>
    <ClInclude Include="D:\dev\DrawSpace\src\matrix.h">
      <Filter>utils</Filter>
    </ClInclude>
    <ClInclude Include="D:\dev\DrawSpace\src\md5.h">
      <Filter>utils</Filter>
    </ClInclude>
    <ClInclude Include="D:\dev\DrawSpace\src\mediator.h">
      <Filter>threading</Filter>
    </ClInclude>
    <ClInclude Include="D:\dev\DrawSpace\src\memalloc.h">
      <Filter>utils</Filter>
    </ClInclude>
    <ClInclude Include="D:\dev\DrawSpace\src\meshe.h">
      <Filter>core</Filter>
    </ClInclude>
    <ClInclude Include="D:\dev\DrawSpace\src\mesheimport.h">
      <Filter>interface</Filter>
    </ClInclude>
    <ClInclude Include="D:\dev\DrawSpace\src\mesherenderingaspectimpl.h">
      <Filter>aspectimplementations</Filter>
    </ClInclude>
    <ClInclude Include="D:\dev\DrawSpace\src\misc_utils.h">
      <Filter>utils</Filter>
    </ClInclude>
    <ClInclude Include="D:\dev\DrawSpace\src\module_keys.h">
      <Filter>module</Filter>
    </ClInclude>
    <ClInclude Include="D:\dev\DrawSpace\src\module_root.h">
      <Filter>interface\module</Filter>
    </ClInclude>
    <ClInclude Include="D:\dev\DrawSpace\src\module_service.h">
      <Filter>interface\module</Filter>
    </ClInclude>
    <ClInclude Include="D:\dev\DrawSpace\src\movement.h">
      <Filter>core</Filter>
    </ClInclude>
    <ClInclude Include="D:\dev\DrawSpace\src\mutex.h">
      <Filter>utils</Filter>
    </ClInclude>
    <ClInclude Include="D:\dev\DrawSpace\src\orbiter.h">
      <Filter>dynamics</Filter>
    </ClInclude>
    <ClInclude Include="D:\dev\DrawSpace\src\orbittransformaspectimpl.h">
      <Filter>aspectimplementations</Filter>
    </ClInclude>
    <ClInclude Include="D:\dev\DrawSpace\src\parser.h">
      <Filter>utils</Filter>
    </ClInclude>
    <ClInclude Include="D:\dev\DrawSpace\src\pass.h">
      <Filter>Header Files</Filter>
    </ClInclude>
    <ClInclude Include="D:\dev\DrawSpace\src\passesrenderingaspectimpl.h">
      <Filter>aspectimplementations</Filter>
    </ClInclude>
    <ClInclude Include="D:\dev\DrawSpace\src\physicsaspect.h">
      <Filter>aspect</Filter>
    </ClInclude>
    <ClInclude Include="D:\dev\DrawSpace\src\physicssystem.h">
      <Filter>systems</Filter>
    </ClInclude>
    <ClInclude Include="D:\dev\DrawSpace\src\piload.h">
      <Filter>utils</Filter>
    </ClInclude>
    <ClInclude Include="D:\dev\DrawSpace\src\pimanager.h">
      <Filter>utils</Filter>
    </ClInclude>
    <ClInclude Include="D:\dev\DrawSpace\src\pimanager_impl.h">
      <Filter>utils</Filter>
    </ClInclude>
    <ClInclude Include="D:\dev\DrawSpace\src\plugin.h">
      <Filter>core</Filter>
    </ClInclude>
    <ClInclude Include="D:\dev\DrawSpace\src\procedural_blocs.h">
      <Filter>procedural</Filter>
    </ClInclude>
    <ClInclude Include="D:\dev\DrawSpace\src\procedural_parser.h">
      <Filter>procedural</Filter>
    </ClInclude>
    <ClInclude Include="D:\dev\DrawSpace\src\procedural_seeds.h">
      <Filter>procedural</Filter>
    </ClInclude>
    <ClInclude Include="D:\dev\DrawSpace\src\quadrenderingaspectimpl.h">
      <Filter>aspectimplementations</Filter>
    </ClInclude>
    <ClInclude Include="D:\dev\DrawSpace\src\quadtree.h">
      <Filter>utils</Filter>
    </ClInclude>
    <ClInclude Include="D:\dev\DrawSpace\src\quaternion.h">
      <Filter>utils</Filter>
    </ClInclude>
    <ClInclude Include="D:\dev\DrawSpace\src\rawtransformaspectimpl.h">
      <Filter>aspectimplementations</Filter>
    </ClInclude>
    <ClInclude Include="D:\dev\DrawSpace\src\renderer.h">
      <Filter>interface</Filter>
    </ClInclude>
    <ClInclude Include="D:\dev\DrawSpace\src\renderingaspect.h">
      <Filter>aspect</Filter>
    </ClInclude>
    <ClInclude Include="D:\dev\DrawSpace\src\renderingaspectimpl.h">
      <Filter>interface\aspectimplementations</Filter>
    </ClInclude>
    <ClInclude Include="D:\dev\DrawSpace\src\renderingnode.h">
      <Filter>core</Filter>
    </ClInclude>
    <ClInclude Include="D:\dev\DrawSpace\src\renderingqueue.h">
      <Filter>core</Filter>
    </ClInclude>
    <ClInclude Include="D:\dev\DrawSpace\src\renderpassnode.h">
      <Filter>rendergraph</Filter>
    </ClInclude>
    <ClInclude Include="D:\dev\DrawSpace\src\renderpassnodegraph.h">
      <Filter>rendergraph</Filter>
    </ClInclude>
    <ClInclude Include="D:\dev\DrawSpace\src\renderstate.h">
      <Filter>core</Filter>
    </ClInclude>
    <ClInclude Include="D:\dev\DrawSpace\src\renderstatesset.h">
      <Filter>core</Filter>
    </ClInclude>
    <ClInclude Include="D:\dev\DrawSpace\src\rendersystem.h">
      <Filter>systems</Filter>
    </ClInclude>
    <ClInclude Include="D:\dev\DrawSpace\src\resourcesaspect.h">
      <Filter>aspect</Filter>
    </ClInclude>
    <ClInclude Include="D:\dev\DrawSpace\src\resourcessystem.h">
      <Filter>systems</Filter>
    </ClInclude>
    <ClInclude Include="D:\dev\DrawSpace\src\revolutiontransformaspectimpl.h">
      <Filter>aspectimplementations</Filter>
    </ClInclude>
    <ClInclude Include="D:\dev\DrawSpace\src\rocket.h">
      <Filter>dynamics</Filter>
    </ClInclude>
    <ClInclude Include="D:\dev\DrawSpace\src\runner.h">
      <Filter>threading</Filter>
    </ClInclude>
    <ClInclude Include="D:\dev\DrawSpace\src\scenenode.h">
      <Filter>core</Filter>
    </ClInclude>
    <ClInclude Include="D:\dev\DrawSpace\src\scenenodegraph.h">
      <Filter>core</Filter>
    </ClInclude>
    <ClInclude Include="D:\dev\DrawSpace\src\scripting.h">
      <Filter>Header Files</Filter>
    </ClInclude>
    <ClInclude Include="D:\dev\DrawSpace\src\serviceaspect.h">
      <Filter>aspect</Filter>
    </ClInclude>
    <ClInclude Include="D:\dev\DrawSpace\src\serviceaspectimpl.h">
      <Filter>interface\aspectimplementations</Filter>
    </ClInclude>
    <ClInclude Include="D:\dev\DrawSpace\src\servicesystem.h">
      <Filter>systems</Filter>
    </ClInclude>
    <ClInclude Include="D:\dev\DrawSpace\src\shader.h">
      <Filter>core</Filter>
    </ClInclude>
    <ClInclude Include="D:\dev\DrawSpace\src\spacebox.h">
      <Filter>Header Files</Filter>
    </ClInclude>
    <ClInclude Include="D:\dev\DrawSpace\src\spectatormovement.h">
      <Filter>core</Filter>
    </ClInclude>
    <ClInclude Include="D:\dev\DrawSpace\src\spherelod_binder.h">
      <Filter>sphericalLOD</Filter>
    </ClInclude>
    <ClInclude Include="D:\dev\DrawSpace\src\spherelod_body.h">
      <Filter>sphericalLOD</Filter>
    </ClInclude>
    <ClInclude Include="D:\dev\DrawSpace\src\spherelod_collisions.h">
      <Filter>sphericalLOD</Filter>
    </ClInclude>
    <ClInclude Include="D:\dev\DrawSpace\src\spherelod_config.h">
      <Filter>sphericalLOD</Filter>
    </ClInclude>
    <ClInclude Include="D:\dev\DrawSpace\src\spherelod_drawing.h">
      <Filter>sphericalLOD</Filter>
    </ClInclude>
    <ClInclude Include="D:\dev\DrawSpace\src\spherelod_face.h">
      <Filter>sphericalLOD</Filter>
    </ClInclude>
    <ClInclude Include="D:\dev\DrawSpace\src\spherelod_layer.h">
      <Filter>sphericalLOD</Filter>
    </ClInclude>
    <ClInclude Include="D:\dev\DrawSpace\src\spherelod_patch.h">
      <Filter>sphericalLOD</Filter>
    </ClInclude>
    <ClInclude Include="D:\dev\DrawSpace\src\spherelod_root.h">
      <Filter>sphericalLOD</Filter>
    </ClInclude>
    <ClInclude Include="D:\dev\DrawSpace\src\spherelod_subpass.h">
      <Filter>sphericalLOD</Filter>
    </ClInclude>
    <ClInclude Include="D:\dev\DrawSpace\src\st_tree.h">
      <Filter>Header Files</Filter>
    </ClInclude>
    <ClInclude Include="D:\dev\DrawSpace\src\st_tree_detail.h">
      <Filter>Header Files</Filter>
    </ClInclude>
    <ClInclude Include="D:\dev\DrawSpace\src\st_tree_iterators.h">
      <Filter>Header Files</Filter>
    </ClInclude>
    <ClInclude Include="D:\dev\DrawSpace\src\st_tree_nodes.h">
      <Filter>Header Files</Filter>
    </ClInclude>
    <ClInclude Include="D:\dev\DrawSpace\src\system.h">
      <Filter>Header Files</Filter>
    </ClInclude>
    <ClInclude Include="D:\dev\DrawSpace\src\systems.h">
      <Filter>interface\system</Filter>
    </ClInclude>
    <ClInclude Include="D:\dev\DrawSpace\src\task.h">
      <Filter>threading</Filter>
    </ClInclude>
    <ClInclude Include="D:\dev\DrawSpace\src\textrenderingaspectimpl.h">
      <Filter>aspectimplementations</Filter>
    </ClInclude>
    <ClInclude Include="D:\dev\DrawSpace\src\texture.h">
      <Filter>core</Filter>
    </ClInclude>
    <ClInclude Include="D:\dev\DrawSpace\src\timeaspect.h">
      <Filter>aspect</Filter>
    </ClInclude>
    <ClInclude Include="D:\dev\DrawSpace\src\timemanager.h">
      <Filter>utils</Filter>
    </ClInclude>
    <ClInclude Include="D:\dev\DrawSpace\src\timesystem.h">
      <Filter>systems</Filter>
    </ClInclude>
    <ClInclude Include="D:\dev\DrawSpace\src\tracedefs.h">
      <Filter>logging</Filter>
    </ClInclude>
    <ClInclude Include="D:\dev\DrawSpace\src\tracesystem.h">
      <Filter>systems</Filter>
    </ClInclude>
    <ClInclude Include="D:\dev\DrawSpace\src\transformaspect.h">
      <Filter>aspect</Filter>
    </ClInclude>
    <ClInclude Include="D:\dev\DrawSpace\src\transformaspectimpl.h">
      <Filter>interface\aspectimplementations</Filter>
    </ClInclude>
    <ClInclude Include="D:\dev\DrawSpace\src\transformation.h">
      <Filter>core</Filter>
    </ClInclude>
    <ClInclude Include="D:\dev\DrawSpace\src\transformsystem.h">
      <Filter>systems</Filter>
    </ClInclude>
    <ClInclude Include="D:\dev\DrawSpace\src\triangle.h">
      <Filter>core</Filter>
    </ClInclude>
    <ClInclude Include="D:\dev\DrawSpace\src\vector.h">
      <Filter>utils</Filter>
    </ClInclude>
    <ClInclude Include="D:\dev\DrawSpace\src\vertex.h">
      <Filter>core</Filter>
    </ClInclude>
    <ClInclude Include="D:\dev\DrawSpace\src\viewportquad.h">
      <Filter>Header Files</Filter>
    </ClInclude>
    <ClInclude Include="D:\dev\DrawSpace\src\world.h">
      <Filter>dynamics</Filter>
    </ClInclude>
  </ItemGroup>
  <ItemGroup>
    <Filter Include="Header Files">
      <UniqueIdentifier>{6A0BA0B4-6988-308D-9F58-31E19B6B85A1}</UniqueIdentifier>
    </Filter>
    <Filter Include="Source Files">
      <UniqueIdentifier>{7601A88B-4BAA-36B6-A4FC-A0A1FDE27F24}</UniqueIdentifier>
    </Filter>
    <Filter Include="aspect">
      <UniqueIdentifier>{F26A7DDD-162D-3765-B7F2-AB91661B8A2E}</UniqueIdentifier>
    </Filter>
    <Filter Include="aspectimplementations">
      <UniqueIdentifier>{64645273-6A2D-369E-8A06-9806F5EAAFA1}</UniqueIdentifier>
    </Filter>
    <Filter Include="core">
      <UniqueIdentifier>{2D55220D-61C1-37BC-AAC6-78E48DCE44B5}</UniqueIdentifier>
    </Filter>
    <Filter Include="dynamics">
      <UniqueIdentifier>{33E78A0E-647C-355B-AF50-C83C729BB50E}</UniqueIdentifier>
    </Filter>
    <Filter Include="entitygraph">
      <UniqueIdentifier>{BCFFEF7C-EF7C-3762-94A2-EB3413414257}</UniqueIdentifier>
    </Filter>
    <Filter Include="framework">
      <UniqueIdentifier>{FE7FE93C-8192-315D-85FA-9371EE8A4EAB}</UniqueIdentifier>
    </Filter>
    <Filter Include="interface">
      <UniqueIdentifier>{7E19E27B-2A10-325B-8027-B2697EF82899}</UniqueIdentifier>
    </Filter>
    <Filter Include="interface\aspectimplementations">
      <UniqueIdentifier>{9ECB0DF2-B012-37CF-BB0D-DDD08F1FDF66}</UniqueIdentifier>
    </Filter>
    <Filter Include="interface\module">
      <UniqueIdentifier>{7E30C4B8-35A0-30F3-8496-A9172DE84639}</UniqueIdentifier>
    </Filter>
    <Filter Include="interface\system">
      <UniqueIdentifier>{D0FE5710-FC85-33D3-9704-F7D0E61374B5}</UniqueIdentifier>
    </Filter>
    <Filter Include="logging">
      <UniqueIdentifier>{AB2D6029-BD30-3DD8-B326-7703FD2F2B5B}</UniqueIdentifier>
    </Filter>
    <Filter Include="module">
      <UniqueIdentifier>{772537D1-8F51-385C-98D9-590229C7C324}</UniqueIdentifier>
    </Filter>
    <Filter Include="procedural">
      <UniqueIdentifier>{0CE6BCDB-2457-303E-8B17-57FEB7146CB2}</UniqueIdentifier>
    </Filter>
    <Filter Include="rendergraph">
      <UniqueIdentifier>{B4A45A21-BEC5-3AF9-9164-CCDE8B741F37}</UniqueIdentifier>
    </Filter>
    <Filter Include="sphericalLOD">
      <UniqueIdentifier>{D41A83D9-1108-301A-8665-82E5F92A542A}</UniqueIdentifier>
    </Filter>
    <Filter Include="systems">
      <UniqueIdentifier>{16C1DC52-D500-3963-9D3F-A6CC3A3BE00D}</UniqueIdentifier>
    </Filter>
    <Filter Include="threading">
      <UniqueIdentifier>{67C0CB90-B902-36A8-824B-36943318FD29}</UniqueIdentifier>
    </Filter>
    <Filter Include="utils">
      <UniqueIdentifier>{146F5A59-89AB-324E-84C8-724D461EC2F8}</UniqueIdentifier>
    </Filter>
  </ItemGroup>
</Project>
