<?xml version="1.0" encoding="utf-8"?>
<Project ToolsVersion="4.0" xmlns="http://schemas.microsoft.com/developer/msbuild/2003">
  <ItemGroup>
    <Filter Include="commons">
      <UniqueIdentifier>{d2db9b79-0e32-46b2-a2e8-febd66c6f1ca}</UniqueIdentifier>
    </Filter>
    <Filter Include="vertex_shaders">
      <UniqueIdentifier>{93be3ebd-11d7-4268-9a06-992055061ea8}</UniqueIdentifier>
    </Filter>
    <Filter Include="pixel_shaders">
      <UniqueIdentifier>{d5eb96f1-9215-4b4c-bfae-a3828ce2133d}</UniqueIdentifier>
    </Filter>
    <Filter Include="pixel_shaders\planet">
      <UniqueIdentifier>{db192676-3adc-4c47-8b6d-9f544a510e71}</UniqueIdentifier>
    </Filter>
    <Filter Include="vertex_shaders\planet">
      <UniqueIdentifier>{ee64fab3-3230-4f4f-90fa-71ec5912dac1}</UniqueIdentifier>
    </Filter>
  </ItemGroup>
  <ItemGroup>
    <FxCompile Include="texture.psh">
      <Filter>pixel_shaders</Filter>
    </FxCompile>
    <FxCompile Include="texture.vsh">
      <Filter>vertex_shaders</Filter>
    </FxCompile>
    <FxCompile Include="color.psh">
      <Filter>pixel_shaders</Filter>
    </FxCompile>
    <FxCompile Include="texture_mirror.psh">
      <Filter>pixel_shaders</Filter>
    </FxCompile>
    <FxCompile Include="water_mask.psh">
      <Filter>pixel_shaders</Filter>
    </FxCompile>
    <FxCompile Include="color.vsh">
      <Filter>vertex_shaders</Filter>
    </FxCompile>
    <FxCompile Include="texture_mirror.vsh">
      <Filter>vertex_shaders</Filter>
    </FxCompile>
    <FxCompile Include="water_mask.vsh">
      <Filter>vertex_shaders</Filter>
    </FxCompile>
    <FxCompile Include="water_waves.vsh">
      <Filter>vertex_shaders</Filter>
    </FxCompile>
    <FxCompile Include="water_waves.psh">
      <Filter>pixel_shaders</Filter>
    </FxCompile>
    <FxCompile Include="water_bump.psh">
      <Filter>pixel_shaders</Filter>
    </FxCompile>
    <FxCompile Include="water_bump.vsh">
      <Filter>vertex_shaders</Filter>
    </FxCompile>
    <FxCompile Include="mat_input_constants.hlsl">
      <Filter>commons</Filter>
    </FxCompile>
    <FxCompile Include="fbm.hlsl">
      <Filter>commons</Filter>
    </FxCompile>
    <FxCompile Include="spherelod_commons.hlsl">
      <Filter>commons</Filter>
    </FxCompile>
    <FxCompile Include="planet_surface.psh">
      <Filter>pixel_shaders\planet</Filter>
    </FxCompile>
    <FxCompile Include="planet_surface.vsh">
      <Filter>vertex_shaders\planet</Filter>
    </FxCompile>
    <FxCompile Include="planet_ht.psh">
      <Filter>pixel_shaders\planet</Filter>
    </FxCompile>
    <FxCompile Include="multifbm_height.hlsl">
      <Filter>commons</Filter>
    </FxCompile>
    <FxCompile Include="planet_ht.vsh">
      <Filter>vertex_shaders\planet</Filter>
    </FxCompile>
  </ItemGroup>
</Project>