<?xml version="1.0" encoding="utf-8"?>
<Project ToolsVersion="4.0" xmlns="http://schemas.microsoft.com/developer/msbuild/2003">
  <ItemGroup>
    <ClCompile Include="src\main.cpp">
      <Filter>Source Files</Filter>
    </ClCompile>
    <ClCompile Include="src\mainservice.cpp">
      <Filter>Source Files</Filter>
    </ClCompile>
    <ClCompile Include="src\rootimpl.cpp">
      <Filter>Source Files</Filter>
    </ClCompile>
    <ClCompile Include="src\luacontext.cpp">
      <Filter>Source Files</Filter>
    </ClCompile>
    <ClCompile Include="src\luaclass_globals.cpp">
      <Filter>Source Files</Filter>
    </ClCompile>
    <ClCompile Include="src\luaclass_renderpassnodegraph.cpp">
      <Filter>Source Files</Filter>
    </ClCompile>
    <ClCompile Include="src\luaclass_renderer.cpp">
      <Filter>Source Files</Filter>
    </ClCompile>
    <ClCompile Include="src\luaclass_renderstatesset.cpp">
      <Filter>Source Files</Filter>
    </ClCompile>
  </ItemGroup>
  <ItemGroup>
    <Filter Include="Source Files">
      <UniqueIdentifier>{444bd206-24c1-4527-aed4-f9e37328b5e1}</UniqueIdentifier>
    </Filter>
  </ItemGroup>
  <ItemGroup>
    <ClInclude Include="src\mainservice.h">
      <Filter>Source Files</Filter>
    </ClInclude>
    <ClInclude Include="src\rootimpl.h">
      <Filter>Source Files</Filter>
    </ClInclude>
    <ClInclude Include="src\crtp_singleton.h">
      <Filter>Source Files</Filter>
    </ClInclude>
    <ClInclude Include="src\luacontext.h">
      <Filter>Source Files</Filter>
    </ClInclude>
    <ClInclude Include="src\luaclass_globals.h">
      <Filter>Source Files</Filter>
    </ClInclude>
    <ClInclude Include="src\luaclass_renderpassnodegraph.h">
      <Filter>Source Files</Filter>
    </ClInclude>
    <ClInclude Include="src\luaclass_renderer.h">
      <Filter>Source Files</Filter>
    </ClInclude>
    <ClInclude Include="src\luaclass_renderstatesset.h">
      <Filter>Source Files</Filter>
    </ClInclude>
  </ItemGroup>
</Project>