
Microsoft Visual Studio Solution File, Format Version 12.00
# Visual Studio Version 16
Project("{8BC9CEB8-8B4A-11D0-8D11-00A0C91BC942}") = "ALL_BUILD", "ALL_BUILD.vcxproj", "{B0A48984-93EA-3BD5-93DE-BC684E2A8F62}"
	ProjectSection(ProjectDependencies) = postProject
		{1C593D70-17E7-3683-BFFE-68A967BD304E} = {1C593D70-17E7-3683-BFFE-68A967BD304E}
	EndProjectSection
EndProject
Project("{8BC9CEB8-8B4A-11D0-8D11-00A0C91BC942}") = "CORE_allocator", "..\..\CORE_allocator\CORE_allocator.vcxproj", "{9336A4C6-443B-35CF-BD63-E625FCC504CC}"
	ProjectSection(ProjectDependencies) = postProject
	EndProjectSection
EndProject
Project("{8BC9CEB8-8B4A-11D0-8D11-00A0C91BC942}") = "CORE_ecs", "..\..\CORE_ecs\CORE_ecs.vcxproj", "{C15E796B-CDB8-3FFE-B137-14B5A86D7FA8}"
	ProjectSection(ProjectDependencies) = postProject
	EndProjectSection
EndProject
Project("{8BC9CEB8-8B4A-11D0-8D11-00A0C91BC942}") = "CORE_file", "..\..\CORE_file\CORE_file.vcxproj", "{B2228889-C677-3C24-8CD3-2EB3E24227A4}"
	ProjectSection(ProjectDependencies) = postProject
	EndProjectSection
EndProject
Project("{8BC9CEB8-8B4A-11D0-8D11-00A0C91BC942}") = "CORE_logger", "..\..\CORE_logger\CORE_logger.vcxproj", "{6D8D49B6-7376-3344-9AA1-5724826C96D0}"
	ProjectSection(ProjectDependencies) = postProject
	EndProjectSection
EndProject
Project("{8BC9CEB8-8B4A-11D0-8D11-00A0C91BC942}") = "INSTALL", "INSTALL.vcxproj", "{B654731D-C705-3E12-9DF3-69B2684B5459}"
	ProjectSection(ProjectDependencies) = postProject
		{B0A48984-93EA-3BD5-93DE-BC684E2A8F62} = {B0A48984-93EA-3BD5-93DE-BC684E2A8F62}
	EndProjectSection
EndProject
Project("{8BC9CEB8-8B4A-11D0-8D11-00A0C91BC942}") = "console_components", "console_components.vcxproj", "{1C593D70-17E7-3683-BFFE-68A967BD304E}"
	ProjectSection(ProjectDependencies) = postProject
		{9336A4C6-443B-35CF-BD63-E625FCC504CC} = {9336A4C6-443B-35CF-BD63-E625FCC504CC}
		{C15E796B-CDB8-3FFE-B137-14B5A86D7FA8} = {C15E796B-CDB8-3FFE-B137-14B5A86D7FA8}
		{B2228889-C677-3C24-8CD3-2EB3E24227A4} = {B2228889-C677-3C24-8CD3-2EB3E24227A4}
		{6D8D49B6-7376-3344-9AA1-5724826C96D0} = {6D8D49B6-7376-3344-9AA1-5724826C96D0}
	EndProjectSection
EndProject
Global
	GlobalSection(SolutionConfigurationPlatforms) = preSolution
		Debug|Win32 = Debug|Win32
		Release|Win32 = Release|Win32
		MinSizeRel|Win32 = MinSizeRel|Win32
		RelWithDebInfo|Win32 = RelWithDebInfo|Win32
	EndGlobalSection
	GlobalSection(ProjectConfigurationPlatforms) = postSolution
		{B0A48984-93EA-3BD5-93DE-BC684E2A8F62}.Debug|Win32.ActiveCfg = Debug|Win32
		{B0A48984-93EA-3BD5-93DE-BC684E2A8F62}.Debug|Win32.Build.0 = Debug|Win32
		{B0A48984-93EA-3BD5-93DE-BC684E2A8F62}.Release|Win32.ActiveCfg = Release|Win32
		{B0A48984-93EA-3BD5-93DE-BC684E2A8F62}.Release|Win32.Build.0 = Release|Win32
		{B0A48984-93EA-3BD5-93DE-BC684E2A8F62}.MinSizeRel|Win32.ActiveCfg = MinSizeRel|Win32
		{B0A48984-93EA-3BD5-93DE-BC684E2A8F62}.MinSizeRel|Win32.Build.0 = MinSizeRel|Win32
		{B0A48984-93EA-3BD5-93DE-BC684E2A8F62}.RelWithDebInfo|Win32.ActiveCfg = RelWithDebInfo|Win32
		{B0A48984-93EA-3BD5-93DE-BC684E2A8F62}.RelWithDebInfo|Win32.Build.0 = RelWithDebInfo|Win32
		{9336A4C6-443B-35CF-BD63-E625FCC504CC}.Debug|Win32.ActiveCfg = Debug|Win32
		{9336A4C6-443B-35CF-BD63-E625FCC504CC}.Debug|Win32.Build.0 = Debug|Win32
		{9336A4C6-443B-35CF-BD63-E625FCC504CC}.Release|Win32.ActiveCfg = Release|Win32
		{9336A4C6-443B-35CF-BD63-E625FCC504CC}.Release|Win32.Build.0 = Release|Win32
		{9336A4C6-443B-35CF-BD63-E625FCC504CC}.MinSizeRel|Win32.ActiveCfg = MinSizeRel|Win32
		{9336A4C6-443B-35CF-BD63-E625FCC504CC}.MinSizeRel|Win32.Build.0 = MinSizeRel|Win32
		{9336A4C6-443B-35CF-BD63-E625FCC504CC}.RelWithDebInfo|Win32.ActiveCfg = RelWithDebInfo|Win32
		{9336A4C6-443B-35CF-BD63-E625FCC504CC}.RelWithDebInfo|Win32.Build.0 = RelWithDebInfo|Win32
		{C15E796B-CDB8-3FFE-B137-14B5A86D7FA8}.Debug|Win32.ActiveCfg = Debug|Win32
		{C15E796B-CDB8-3FFE-B137-14B5A86D7FA8}.Debug|Win32.Build.0 = Debug|Win32
		{C15E796B-CDB8-3FFE-B137-14B5A86D7FA8}.Release|Win32.ActiveCfg = Release|Win32
		{C15E796B-CDB8-3FFE-B137-14B5A86D7FA8}.Release|Win32.Build.0 = Release|Win32
		{C15E796B-CDB8-3FFE-B137-14B5A86D7FA8}.MinSizeRel|Win32.ActiveCfg = MinSizeRel|Win32
		{C15E796B-CDB8-3FFE-B137-14B5A86D7FA8}.MinSizeRel|Win32.Build.0 = MinSizeRel|Win32
		{C15E796B-CDB8-3FFE-B137-14B5A86D7FA8}.RelWithDebInfo|Win32.ActiveCfg = RelWithDebInfo|Win32
		{C15E796B-CDB8-3FFE-B137-14B5A86D7FA8}.RelWithDebInfo|Win32.Build.0 = RelWithDebInfo|Win32
		{B2228889-C677-3C24-8CD3-2EB3E24227A4}.Debug|Win32.ActiveCfg = Debug|Win32
		{B2228889-C677-3C24-8CD3-2EB3E24227A4}.Debug|Win32.Build.0 = Debug|Win32
		{B2228889-C677-3C24-8CD3-2EB3E24227A4}.Release|Win32.ActiveCfg = Release|Win32
		{B2228889-C677-3C24-8CD3-2EB3E24227A4}.Release|Win32.Build.0 = Release|Win32
		{B2228889-C677-3C24-8CD3-2EB3E24227A4}.MinSizeRel|Win32.ActiveCfg = MinSizeRel|Win32
		{B2228889-C677-3C24-8CD3-2EB3E24227A4}.MinSizeRel|Win32.Build.0 = MinSizeRel|Win32
		{B2228889-C677-3C24-8CD3-2EB3E24227A4}.RelWithDebInfo|Win32.ActiveCfg = RelWithDebInfo|Win32
		{B2228889-C677-3C24-8CD3-2EB3E24227A4}.RelWithDebInfo|Win32.Build.0 = RelWithDebInfo|Win32
		{6D8D49B6-7376-3344-9AA1-5724826C96D0}.Debug|Win32.ActiveCfg = Debug|Win32
		{6D8D49B6-7376-3344-9AA1-5724826C96D0}.Debug|Win32.Build.0 = Debug|Win32
		{6D8D49B6-7376-3344-9AA1-5724826C96D0}.Release|Win32.ActiveCfg = Release|Win32
		{6D8D49B6-7376-3344-9AA1-5724826C96D0}.Release|Win32.Build.0 = Release|Win32
		{6D8D49B6-7376-3344-9AA1-5724826C96D0}.MinSizeRel|Win32.ActiveCfg = MinSizeRel|Win32
		{6D8D49B6-7376-3344-9AA1-5724826C96D0}.MinSizeRel|Win32.Build.0 = MinSizeRel|Win32
		{6D8D49B6-7376-3344-9AA1-5724826C96D0}.RelWithDebInfo|Win32.ActiveCfg = RelWithDebInfo|Win32
		{6D8D49B6-7376-3344-9AA1-5724826C96D0}.RelWithDebInfo|Win32.Build.0 = RelWithDebInfo|Win32
		{B654731D-C705-3E12-9DF3-69B2684B5459}.Debug|Win32.ActiveCfg = Debug|Win32
		{B654731D-C705-3E12-9DF3-69B2684B5459}.Release|Win32.ActiveCfg = Release|Win32
		{B654731D-C705-3E12-9DF3-69B2684B5459}.MinSizeRel|Win32.ActiveCfg = MinSizeRel|Win32
		{B654731D-C705-3E12-9DF3-69B2684B5459}.RelWithDebInfo|Win32.ActiveCfg = RelWithDebInfo|Win32
		{1C593D70-17E7-3683-BFFE-68A967BD304E}.Debug|Win32.ActiveCfg = Debug|Win32
		{1C593D70-17E7-3683-BFFE-68A967BD304E}.Debug|Win32.Build.0 = Debug|Win32
		{1C593D70-17E7-3683-BFFE-68A967BD304E}.Release|Win32.ActiveCfg = Release|Win32
		{1C593D70-17E7-3683-BFFE-68A967BD304E}.Release|Win32.Build.0 = Release|Win32
		{1C593D70-17E7-3683-BFFE-68A967BD304E}.MinSizeRel|Win32.ActiveCfg = MinSizeRel|Win32
		{1C593D70-17E7-3683-BFFE-68A967BD304E}.MinSizeRel|Win32.Build.0 = MinSizeRel|Win32
		{1C593D70-17E7-3683-BFFE-68A967BD304E}.RelWithDebInfo|Win32.ActiveCfg = RelWithDebInfo|Win32
		{1C593D70-17E7-3683-BFFE-68A967BD304E}.RelWithDebInfo|Win32.Build.0 = RelWithDebInfo|Win32
	EndGlobalSection
	GlobalSection(ExtensibilityGlobals) = postSolution
		SolutionGuid = {F8FD4A62-2652-31FE-A8B8-37FD44EC046E}
	EndGlobalSection
	GlobalSection(ExtensibilityAddIns) = postSolution
	EndGlobalSection
EndGlobal
