<?xml version="1.0" encoding="utf-8"?>
<Project ToolsVersion="4.0" xmlns="http://schemas.microsoft.com/developer/msbuild/2003">
  <ItemGroup>
    <ClCompile Include="lua_drawspace.cpp" />
    <ClCompile Include="lua_matrix.cpp" />
    <ClCompile Include="lua_vector.cpp" />
    <ClCompile Include="luacontext.cpp" />
    <ClCompile Include="luascripting.cpp" />
    <ClCompile Include="main.cpp" />
    <ClCompile Include="lua_transformnode.cpp" />
    <ClCompile Include="lua_spacebox.cpp" />
  </ItemGroup>
  <ItemGroup>
    <ClInclude Include="lua_drawspace.h" />
    <ClInclude Include="lua_matrix.h" />
    <ClInclude Include="lua_vector.h" />
    <ClInclude Include="luacontext.h" />
    <ClInclude Include="luascripting.h" />
    <ClInclude Include="..\scripting.h" />
    <ClInclude Include="lua_transformnode.h" />
    <ClInclude Include="lua_spacebox.h" />
  </ItemGroup>
  <ItemGroup>
    <None Include="ClassDiagram.cd" />
  </ItemGroup>
</Project>