<?xml version="1.0" encoding="utf-8"?>
<Project ToolsVersion="4.0" xmlns="http://schemas.microsoft.com/developer/msbuild/2003">
  <ItemGroup>
    <ClCompile Include="src\main.cpp">
      <Filter>Source Files</Filter>
    </ClCompile>
    <ClCompile Include="src\cdlodplanetservice.cpp">
      <Filter>Source Files</Filter>
    </ClCompile>
    <ClCompile Include="src\cdlodplanetroot.cpp">
      <Filter>Source Files</Filter>
    </ClCompile>
    <ClCompile Include="src\multifractalbinder.cpp">
      <Filter>Source Files</Filter>
    </ClCompile>
    <ClCompile Include="src\planetdetailsbinder.cpp">
      <Filter>Source Files</Filter>
    </ClCompile>
    <ClCompile Include="src\planetclimatebinder.cpp">
      <Filter>Source Files</Filter>
    </ClCompile>
    <ClCompile Include="src\planetinstance.cpp">
      <Filter>Source Files</Filter>
    </ClCompile>
    <ClCompile Include="src\planetconfig.cpp">
      <Filter>Source Files</Filter>
    </ClCompile>
  </ItemGroup>
  <ItemGroup>
    <Filter Include="Source Files">
      <UniqueIdentifier>{444bd206-24c1-4527-aed4-f9e37328b5e1}</UniqueIdentifier>
    </Filter>
    <Filter Include="Source Files\hlsl_30">
      <UniqueIdentifier>{737e7e9e-a97a-435e-947e-21e35f27c9dc}</UniqueIdentifier>
    </Filter>
    <Filter Include="Source Files\hlsl_40">
      <UniqueIdentifier>{8f6a2161-d71c-4eb3-b924-4a3e38801364}</UniqueIdentifier>
    </Filter>
  </ItemGroup>
  <ItemGroup>
    <ClInclude Include="src\cdlodplanetservice.h">
      <Filter>Source Files</Filter>
    </ClInclude>
    <ClInclude Include="src\cdlodplanetroot.h">
      <Filter>Source Files</Filter>
    </ClInclude>
    <ClInclude Include="src\multifractalbinder.h">
      <Filter>Source Files</Filter>
    </ClInclude>
    <ClInclude Include="src\planetclimatebinder.h">
      <Filter>Source Files</Filter>
    </ClInclude>
    <ClInclude Include="src\planetdetailsbinder.h">
      <Filter>Source Files</Filter>
    </ClInclude>
    <ClInclude Include="src\planetinstance.h">
      <Filter>Source Files</Filter>
    </ClInclude>
    <ClInclude Include="src\planetconfig.h">
      <Filter>Source Files</Filter>
    </ClInclude>
  </ItemGroup>
  <ItemGroup>
    <None Include="..\..\shaders\hlsl_3_0\planet_ht.psh">
      <Filter>Source Files\hlsl_30</Filter>
    </None>
    <None Include="..\..\shaders\hlsl_3_0\planet_ht.vsh">
      <Filter>Source Files\hlsl_30</Filter>
    </None>
    <None Include="..\..\shaders\hlsl_3_0\planet_surface.psh">
      <Filter>Source Files\hlsl_30</Filter>
    </None>
    <None Include="..\..\shaders\hlsl_3_0\planet_surface.vsh">
      <Filter>Source Files\hlsl_30</Filter>
    </None>
  </ItemGroup>
</Project>