<?xml version="1.0" encoding="utf-8"?>
<Project ToolsVersion="4.0" xmlns="http://schemas.microsoft.com/developer/msbuild/2003">
  <ItemGroup>
    <ClCompile Include="adapters.cpp" />
    <ClCompile Include="app.cpp" />
    <ClCompile Include="BasicSceneMainFrame.cpp" />
    <ClCompile Include="BasicSceneObjectPropertiesDialog.cpp" />
    <ClCompile Include="buildobjects.cpp" />
    <ClCompile Include="panel.cpp" />
    <ClCompile Include="BasicSceneScriptEditFrame.cpp" />
    <ClCompile Include="ActionLongLatCreationDialog.cpp" />
    <ClCompile Include="ActionAddMatrix.cpp" />
    <ClCompile Include="ActionEditMvtDialog.cpp" />
    <ClCompile Include="ActionInertBodyCreationApply.cpp" />
    <ClCompile Include="ActionInertBodyCreationDialog.cpp" />
    <ClCompile Include="ActionLongLatCreationApply.cpp" />
    <ClCompile Include="ActionLongLatLinkTo.cpp" />
    <ClCompile Include="ActionLongLatLongLat.cpp" />
    <ClCompile Include="ActionPropsDialog.cpp" />
    <ClCompile Include="ActionScenenodeGraphCreationDialog.cpp" />
    <ClCompile Include="ActionScenenodeGraphCreationApply.cpp" />
  </ItemGroup>
  <ItemGroup>
    <ClInclude Include="adapters.h" />
    <ClInclude Include="app.h" />
    <ClInclude Include="BasicSceneMainFrame.h" />
    <ClInclude Include="BasicSceneObjectPropertiesDialog.h" />
    <ClInclude Include="buildobjects.h" />
    <ClInclude Include="panel.h" />
    <ClInclude Include="BasicSceneScriptEditFrame.h" />
    <ClInclude Include="action.h" />
    <ClInclude Include="ActionLongLatCreationDialog.h" />
    <ClInclude Include="actiondialog.h" />
    <ClInclude Include="actionscript.h" />
    <ClInclude Include="ActionAddMatrix.h" />
    <ClInclude Include="ActionEditMvtDialog.h" />
    <ClInclude Include="ActionInertBodyCreationApply.h" />
    <ClInclude Include="ActionInertBodyCreationDialog.h" />
    <ClInclude Include="ActionLongLatCreationApply.h" />
    <ClInclude Include="ActionLongLatLinkTo.h" />
    <ClInclude Include="ActionLongLatLongLat.h" />
    <ClInclude Include="ActionPropsDialog.h" />
    <ClInclude Include="ActionScenenodeGraphCreationDialog.h" />
    <ClInclude Include="ActionScenenodeGraphCreationApply.h" />
  </ItemGroup>
</Project>