<?xml version="1.0" encoding="utf-8"?>
<Project ToolsVersion="4.0" xmlns="http://schemas.microsoft.com/developer/msbuild/2003">
  <ItemGroup>
    <ClCompile Include="adapters.cpp" />
    <ClCompile Include="app.cpp" />
    <ClCompile Include="BasicSceneMainFrame.cpp" />
    <ClCompile Include="BasicSceneObjectPropertiesDialog.cpp" />
    <ClCompile Include="buildobjects.cpp" />
    <ClCompile Include="panel.cpp" />
    <ClCompile Include="BasicSceneScriptEditFrame.cpp" />
    <ClCompile Include="ActionLongLatCreationDialog.cpp" />
    <ClCompile Include="ActionAddMatrix.cpp" />
    <ClCompile Include="ActionEditMvtDialog.cpp" />
    <ClCompile Include="ActionInertBodyCreationApply.cpp" />
    <ClCompile Include="ActionInertBodyCreationDialog.cpp" />
    <ClCompile Include="ActionLongLatCreationApply.cpp" />
    <ClCompile Include="ActionLongLatLinkTo.cpp" />
    <ClCompile Include="ActionLongLatLongLat.cpp" />
    <ClCompile Include="ActionPropsDialog.cpp" />
    <ClCompile Include="ActionScenenodeGraphCreationDialog.cpp" />
    <ClCompile Include="ActionScenenodeGraphCreationApply.cpp" />
    <ClCompile Include="ActionAddShaderParam.cpp" />
    <ClCompile Include="ActionChunkCreationDialog.cpp" />
    <ClCompile Include="ActionChunkCreationSpecific0.cpp" />
    <ClCompile Include="ActionChunkEditionDialog.cpp" />
    <ClCompile Include="ActionNodeScriptEditionDialog.cpp" />
    <ClCompile Include="ActionSpaceBoxCreationDialog.cpp" />
    <ClCompile Include="ActionSpaceBoxCreationSpecific0.cpp" />
    <ClCompile Include="ActionSpaceBoxEditionDialog.cpp" />
    <ClCompile Include="ActionTransformCreationApply.cpp" />
    <ClCompile Include="ActionTransformCreationDialog.cpp" />
    <ClCompile Include="ActionTransformEditionApply.cpp" />
    <ClCompile Include="ActionTransformEditionDialog.cpp" />
    <ClCompile Include="ActionTransformEditionSpecific1.cpp" />
    <ClCompile Include="ActionWorldCreationDialog.cpp" />
    <ClCompile Include="ActionMouseMoveScriptEditionDialog.cpp" />
    <ClCompile Include="ActionKeyupScriptEditionDialog.cpp" />
    <ClCompile Include="ActionKeydownScriptEditionDialogcpp.cpp" />
    <ClCompile Include="ActionCameraPointCreationDialog.cpp" />
    <ClCompile Include="ActionCameraPointSelection.cpp" />
    <ClCompile Include="ActionCameraPointEditionDialog.cpp" />
    <ClCompile Include="ActionFPSMvtCreationDialog.cpp" />
    <ClCompile Include="ActionLinearMvtCreationDialog.cpp" />
    <ClCompile Include="ActionFreeMvtCreationDialog.cpp" />
    <ClCompile Include="ActionCircularMvtCreationDialog.cpp" />
    <ClCompile Include="ActionCameraPointCreationApply.cpp" />
    <ClCompile Include="ActionChunkCreationApply.cpp" />
    <ClCompile Include="ActionChunkEditionApply.cpp" />
    <ClCompile Include="ActionSpaceBoxCreationApply.cpp" />
    <ClCompile Include="ActionSpaceBoxEditionApply.cpp" />
    <ClCompile Include="ActionCameraPointEditionApply.cpp" />
    <ClCompile Include="ActionCircularMvtCreationApply.cpp" />
    <ClCompile Include="ActionCircularMvtEditionApply.cpp" />
    <ClCompile Include="ActionFPSMvtCreationApply.cpp" />
    <ClCompile Include="ActionFreeMvtCreationApply.cpp" />
    <ClCompile Include="ActionLinearMvtCreationApply.cpp" />
    <ClCompile Include="ActionLinearMvtEditionApply.cpp" />
    <ClCompile Include="ActionLongLatMvtEditionApply.cpp" />
    <ClCompile Include="ActionFreeMvtFreeMvt.cpp" />
    <ClCompile Include="ActionFreeMvtLinkTo.cpp" />
    <ClCompile Include="ActionCircularMvtCircularMvt.cpp" />
    <ClCompile Include="ActionCircularMvtLinkTo.cpp" />
    <ClCompile Include="ActionFPSMvtFPSMvt.cpp" />
    <ClCompile Include="ActionFPSMvtLinkTo.cpp" />
    <ClCompile Include="ActionKeyDownLoadScript.cpp" />
    <ClCompile Include="ActionLinearMvtLinearMvt.cpp" />
    <ClCompile Include="ActionLinearMvtLinkTo.cpp" />
    <ClCompile Include="ActionMouseLoadScript.cpp" />
    <ClCompile Include="ActionNodeLoadScript.cpp" />
    <ClCompile Include="ActionKeyUpLoadScript.cpp" />
    <ClCompile Include="ActionAngleSpeedDec.cpp" />
    <ClCompile Include="ActionAngleSpeedInc.cpp" />
    <ClCompile Include="ActionChunkNodeUpdateShaderParam.cpp" />
    <ClCompile Include="ActionCreateSceneNodeGraph.cpp" />
    <ClCompile Include="ActionDisplayCurrentCamera.cpp" />
    <ClCompile Include="ActionDisplayFramerate.cpp" />
    <ClCompile Include="ActionDrawSpaceDrawSpace.cpp" />
    <ClCompile Include="ActionGetSceneCameraName.cpp" />
    <ClCompile Include="ActionGlobalPrint.cpp" />
    <ClCompile Include="ActionIsCurrentCamera.cpp" />
    <ClCompile Include="ActionKeyboardKeyboard.cpp" />
    <ClCompile Include="ActionMouseMouse.cpp" />
    <ClCompile Include="ActionSetSceneNodeGraphCurrentCamera.cpp" />
    <ClCompile Include="ActionSpaceBoxNodeUpdateShaderParam.cpp" />
    <ClCompile Include="ActionTranslationSpeedDec.cpp" />
    <ClCompile Include="ActionTranslationSpeedInc.cpp" />
    <ClCompile Include="ActionTransformationTransformation.cpp" />
  </ItemGroup>
  <ItemGroup>
    <ClInclude Include="adapters.h" />
    <ClInclude Include="app.h" />
    <ClInclude Include="BasicSceneMainFrame.h" />
    <ClInclude Include="BasicSceneObjectPropertiesDialog.h" />
    <ClInclude Include="buildobjects.h" />
    <ClInclude Include="panel.h" />
    <ClInclude Include="BasicSceneScriptEditFrame.h" />
    <ClInclude Include="action.h" />
    <ClInclude Include="ActionLongLatCreationDialog.h" />
    <ClInclude Include="actiondialog.h" />
    <ClInclude Include="actionscript.h" />
    <ClInclude Include="ActionAddMatrix.h" />
    <ClInclude Include="ActionEditMvtDialog.h" />
    <ClInclude Include="ActionInertBodyCreationApply.h" />
    <ClInclude Include="ActionInertBodyCreationDialog.h" />
    <ClInclude Include="ActionLongLatCreationApply.h" />
    <ClInclude Include="ActionLongLatLinkTo.h" />
    <ClInclude Include="ActionLongLatLongLat.h" />
    <ClInclude Include="ActionPropsDialog.h" />
    <ClInclude Include="ActionScenenodeGraphCreationDialog.h" />
    <ClInclude Include="ActionScenenodeGraphCreationApply.h" />
    <ClInclude Include="ActionAddShaderParam.h" />
    <ClInclude Include="ActionChunkCreationDialog.h" />
    <ClInclude Include="ActionChunkCreationSpecific0.h" />
    <ClInclude Include="ActionChunkEditionDialog.h" />
    <ClInclude Include="ActionNodeScriptEditionDialog.h" />
    <ClInclude Include="ActionSpaceBoxCreationDialog.h" />
    <ClInclude Include="ActionSpaceBoxCreationSpecific0.h" />
    <ClInclude Include="ActionSpaceBoxEditionDialog.h" />
    <ClInclude Include="ActionTransformCreationApply.h" />
    <ClInclude Include="ActionTransformCreationDialog.h" />
    <ClInclude Include="ActionTransformEditionApply.h" />
    <ClInclude Include="ActionTransformEditionDialog.h" />
    <ClInclude Include="ActionTransformEditionSpecific1.h" />
    <ClInclude Include="ActionWorldCreationDialog.h" />
    <ClInclude Include="ActionMouseMoveScriptEditionDialog.h" />
    <ClInclude Include="ActionKeyupScriptEditionDialog.h" />
    <ClInclude Include="ActionKeydownScriptEditionDialog.h" />
    <ClInclude Include="ActionCameraPointCreationDialog.h" />
    <ClInclude Include="ActionCameraPointSelection.h" />
    <ClInclude Include="ActionCameraPointEditionDialog.h" />
    <ClInclude Include="ActionFPSMvtCreationDialog.h" />
    <ClInclude Include="ActionLinearMvtCreationDialog.h" />
    <ClInclude Include="ActionFreeMvtCreationDialog.h" />
    <ClInclude Include="ActionCircularMvtCreationDialog.h" />
    <ClInclude Include="ActionCameraPointCreationApply.h" />
    <ClInclude Include="ActionChunkCreationApply.h" />
    <ClInclude Include="ActionChunkEditionApply.h" />
    <ClInclude Include="ActionSpaceBoxCreationApply.h" />
    <ClInclude Include="ActionSpaceBoxEditionApply.h" />
    <ClInclude Include="ActionCameraPointEditionApply.h" />
    <ClInclude Include="ActionCircularMvtCreationApply.h" />
    <ClInclude Include="ActionCircularMvtEditionApply.h" />
    <ClInclude Include="ActionFPSMvtCreationApply.h" />
    <ClInclude Include="ActionFreeMvtCreationApply.h" />
    <ClInclude Include="ActionLinearMvtCreationApply.h" />
    <ClInclude Include="ActionLinearMvtEditionApply.h" />
    <ClInclude Include="ActionLongLatMvtEditionApply.h" />
    <ClInclude Include="ActionFreeMvtFreeMvt.h" />
    <ClInclude Include="ActionFreeMvtLinkTo.h" />
    <ClInclude Include="ActionCircularMvtCircularMvt.h" />
    <ClInclude Include="ActionCircularMvtLinkTo.h" />
    <ClInclude Include="ActionFPSMvtFPSMvt.h" />
    <ClInclude Include="ActionFPSMvtLinkTo.h" />
    <ClInclude Include="ActionKeyDownLoadScript.h" />
    <ClInclude Include="ActionLinearMvtLinearMvt.h" />
    <ClInclude Include="ActionLinearMvtLinkTo.h" />
    <ClInclude Include="ActionMouseLoadScript.h" />
    <ClInclude Include="ActionNodeLoadScript.h" />
    <ClInclude Include="ActionKeyUpLoadScript.h" />
    <ClInclude Include="ActionAngleSpeedDec.h" />
    <ClInclude Include="ActionAngleSpeedInc.h" />
    <ClInclude Include="ActionChunkNodeUpdateShaderParam.h" />
    <ClInclude Include="ActionCreateSceneNodeGraph.h" />
    <ClInclude Include="ActionDisplayCurrentCamera.h" />
    <ClInclude Include="ActionDisplayFramerate.h" />
    <ClInclude Include="ActionDrawSpaceDrawSpace.h" />
    <ClInclude Include="ActionGetSceneCameraName.h" />
    <ClInclude Include="ActionGlobalPrint.h" />
    <ClInclude Include="ActionIsCurrentCamera.h" />
    <ClInclude Include="ActionKeyboardKeyboard.h" />
    <ClInclude Include="ActionMouseMouse.h" />
    <ClInclude Include="ActionSetSceneNodeGraphCurrentCamera.h" />
    <ClInclude Include="ActionSpaceBoxNodeUpdateShaderParam.h" />
    <ClInclude Include="ActionTranslationSpeedDec.h" />
    <ClInclude Include="ActionTranslationSpeedInc.h" />
    <ClInclude Include="ActionTransformationTransformation.h" />
  </ItemGroup>
</Project>