<?xml version="1.0" encoding="utf-8"?>
<Project ToolsVersion="4.0" xmlns="http://schemas.microsoft.com/developer/msbuild/2003">
  <ItemGroup>
    <ClCompile Include="confapp.cpp" />
    <ClCompile Include="confframe.cpp" />
  </ItemGroup>
  <ItemGroup>
    <ClInclude Include="confapp.h" />
    <ClInclude Include="confframe.h" />
    <ClInclude Include="resources.h" />
  </ItemGroup>
</Project>