
Microsoft Visual Studio Solution File, Format Version 12.00
# Visual Studio Version 17
Project("{8BC9CEB8-8B4A-11D0-8D11-00A0C91BC942}") = "ALL_BUILD", "ALL_BUILD.vcxproj", "{B0A48984-93EA-3BD5-93DE-BC684E2A8F62}"
	ProjectSection(ProjectDependencies) = postProject
		{303FA239-D1C1-375C-9A5D-80DA530E8E2B} = {303FA239-D1C1-375C-9A5D-80DA530E8E2B}
	EndProjectSection
EndProject
Project("{8BC9CEB8-8B4A-11D0-8D11-00A0C91BC942}") = "CORE_allocator", "..\CORE_allocator\CORE_allocator.vcxproj", "{9336A4C6-443B-35CF-BD63-E625FCC504CC}"
	ProjectSection(ProjectDependencies) = postProject
	EndProjectSection
EndProject
Project("{8BC9CEB8-8B4A-11D0-8D11-00A0C91BC942}") = "CORE_buffer", "..\CORE_buffer\CORE_buffer.vcxproj", "{2673449D-A09D-320D-BD45-5F8FCF5A0D0D}"
	ProjectSection(ProjectDependencies) = postProject
	EndProjectSection
EndProject
Project("{8BC9CEB8-8B4A-11D0-8D11-00A0C91BC942}") = "CORE_ecs", "..\CORE_ecs\CORE_ecs.vcxproj", "{C15E796B-CDB8-3FFE-B137-14B5A86D7FA8}"
	ProjectSection(ProjectDependencies) = postProject
	EndProjectSection
EndProject
Project("{8BC9CEB8-8B4A-11D0-8D11-00A0C91BC942}") = "CORE_file", "..\CORE_file\CORE_file.vcxproj", "{B2228889-C677-3C24-8CD3-2EB3E24227A4}"
	ProjectSection(ProjectDependencies) = postProject
	EndProjectSection
EndProject
Project("{8BC9CEB8-8B4A-11D0-8D11-00A0C91BC942}") = "CORE_filesystem", "..\CORE_filesystem\CORE_filesystem.vcxproj", "{C2B212D8-34E9-331B-BAF1-CFE65454EC23}"
	ProjectSection(ProjectDependencies) = postProject
	EndProjectSection
EndProject
Project("{8BC9CEB8-8B4A-11D0-8D11-00A0C91BC942}") = "CORE_json", "..\CORE_json\CORE_json.vcxproj", "{9877F738-8C47-3A78-87B6-ECBDBDAAE0D8}"
	ProjectSection(ProjectDependencies) = postProject
	EndProjectSection
EndProject
Project("{8BC9CEB8-8B4A-11D0-8D11-00A0C91BC942}") = "CORE_logger", "..\CORE_logger\CORE_logger.vcxproj", "{6D8D49B6-7376-3344-9AA1-5724826C96D0}"
	ProjectSection(ProjectDependencies) = postProject
	EndProjectSection
EndProject
Project("{8BC9CEB8-8B4A-11D0-8D11-00A0C91BC942}") = "CORE_maths", "..\CORE_maths\CORE_maths.vcxproj", "{A4181186-EE72-3085-8D58-2BF095F1676E}"
	ProjectSection(ProjectDependencies) = postProject
	EndProjectSection
EndProject
Project("{8BC9CEB8-8B4A-11D0-8D11-00A0C91BC942}") = "CORE_module", "..\CORE_module\CORE_module.vcxproj", "{DB2A59D9-8377-3674-8C72-8F6E5604B81F}"
	ProjectSection(ProjectDependencies) = postProject
	EndProjectSection
EndProject
Project("{8BC9CEB8-8B4A-11D0-8D11-00A0C91BC942}") = "CORE_services", "..\CORE_services\CORE_services.vcxproj", "{20EC129D-E462-3BE3-88CE-BB5F17DAC355}"
	ProjectSection(ProjectDependencies) = postProject
	EndProjectSection
EndProject
Project("{8BC9CEB8-8B4A-11D0-8D11-00A0C91BC942}") = "CORE_threads", "..\CORE_threads\CORE_threads.vcxproj", "{336EF54C-37F3-3A9F-A205-E74B4905A9E4}"
	ProjectSection(ProjectDependencies) = postProject
	EndProjectSection
EndProject
Project("{8BC9CEB8-8B4A-11D0-8D11-00A0C91BC942}") = "CORE_time", "..\CORE_time\CORE_time.vcxproj", "{CD92DAA9-5B01-3A9E-B958-89DFC4067CF6}"
	ProjectSection(ProjectDependencies) = postProject
	EndProjectSection
EndProject
Project("{8BC9CEB8-8B4A-11D0-8D11-00A0C91BC942}") = "INSTALL", "INSTALL.vcxproj", "{B654731D-C705-3E12-9DF3-69B2684B5459}"
	ProjectSection(ProjectDependencies) = postProject
		{B0A48984-93EA-3BD5-93DE-BC684E2A8F62} = {B0A48984-93EA-3BD5-93DE-BC684E2A8F62}
	EndProjectSection
EndProject
Project("{8BC9CEB8-8B4A-11D0-8D11-00A0C91BC942}") = "RENDERING_control", "..\RENDERING_control\RENDERING_control.vcxproj", "{957F1F34-78D7-333B-93C4-F3489367F8AD}"
	ProjectSection(ProjectDependencies) = postProject
	EndProjectSection
EndProject
Project("{8BC9CEB8-8B4A-11D0-8D11-00A0C91BC942}") = "SYSTEM_d3d11", "..\SYSTEM_d3d11\SYSTEM_d3d11.vcxproj", "{D8964E9C-CC3E-310B-A8F7-0096FAB5A996}"
	ProjectSection(ProjectDependencies) = postProject
	EndProjectSection
EndProject
Project("{8BC9CEB8-8B4A-11D0-8D11-00A0C91BC942}") = "SYSTEM_dataprint", "..\SYSTEM_dataprint\SYSTEM_dataprint.vcxproj", "{7DC2BB7C-89F3-36F5-A463-E7021E4C5A5E}"
	ProjectSection(ProjectDependencies) = postProject
	EndProjectSection
EndProject
Project("{8BC9CEB8-8B4A-11D0-8D11-00A0C91BC942}") = "SYSTEM_renderingqueue", "..\SYSTEM_renderingqueue\SYSTEM_renderingqueue.vcxproj", "{21E3F443-ECDC-3AB0-B0D8-63BAA4107389}"
	ProjectSection(ProjectDependencies) = postProject
	EndProjectSection
EndProject
Project("{8BC9CEB8-8B4A-11D0-8D11-00A0C91BC942}") = "SYSTEM_resource", "..\SYSTEM_resource\SYSTEM_resource.vcxproj", "{726E364B-97A3-3251-89E6-99F351827AF6}"
	ProjectSection(ProjectDependencies) = postProject
	EndProjectSection
EndProject
Project("{8BC9CEB8-8B4A-11D0-8D11-00A0C91BC942}") = "SYSTEM_time", "..\SYSTEM_time\SYSTEM_time.vcxproj", "{72895090-4AEB-399A-B5FC-354715E978F7}"
	ProjectSection(ProjectDependencies) = postProject
	EndProjectSection
EndProject
Project("{8BC9CEB8-8B4A-11D0-8D11-00A0C91BC942}") = "SYSTEM_world", "..\SYSTEM_world\SYSTEM_world.vcxproj", "{700C2DB7-8D23-31AD-8784-CB4BA10412AB}"
	ProjectSection(ProjectDependencies) = postProject
	EndProjectSection
EndProject
Project("{8BC9CEB8-8B4A-11D0-8D11-00A0C91BC942}") = "TRANSFORM_control", "..\TRANSFORM_control\TRANSFORM_control.vcxproj", "{83EF78E0-2072-3853-B124-696B55600357}"
	ProjectSection(ProjectDependencies) = postProject
	EndProjectSection
EndProject
Project("{8BC9CEB8-8B4A-11D0-8D11-00A0C91BC942}") = "module_scene00", "module_scene00.vcxproj", "{303FA239-D1C1-375C-9A5D-80DA530E8E2B}"
	ProjectSection(ProjectDependencies) = postProject
		{9336A4C6-443B-35CF-BD63-E625FCC504CC} = {9336A4C6-443B-35CF-BD63-E625FCC504CC}
		{2673449D-A09D-320D-BD45-5F8FCF5A0D0D} = {2673449D-A09D-320D-BD45-5F8FCF5A0D0D}
		{C15E796B-CDB8-3FFE-B137-14B5A86D7FA8} = {C15E796B-CDB8-3FFE-B137-14B5A86D7FA8}
		{B2228889-C677-3C24-8CD3-2EB3E24227A4} = {B2228889-C677-3C24-8CD3-2EB3E24227A4}
		{C2B212D8-34E9-331B-BAF1-CFE65454EC23} = {C2B212D8-34E9-331B-BAF1-CFE65454EC23}
		{9877F738-8C47-3A78-87B6-ECBDBDAAE0D8} = {9877F738-8C47-3A78-87B6-ECBDBDAAE0D8}
		{6D8D49B6-7376-3344-9AA1-5724826C96D0} = {6D8D49B6-7376-3344-9AA1-5724826C96D0}
		{A4181186-EE72-3085-8D58-2BF095F1676E} = {A4181186-EE72-3085-8D58-2BF095F1676E}
		{DB2A59D9-8377-3674-8C72-8F6E5604B81F} = {DB2A59D9-8377-3674-8C72-8F6E5604B81F}
		{20EC129D-E462-3BE3-88CE-BB5F17DAC355} = {20EC129D-E462-3BE3-88CE-BB5F17DAC355}
		{336EF54C-37F3-3A9F-A205-E74B4905A9E4} = {336EF54C-37F3-3A9F-A205-E74B4905A9E4}
		{CD92DAA9-5B01-3A9E-B958-89DFC4067CF6} = {CD92DAA9-5B01-3A9E-B958-89DFC4067CF6}
		{957F1F34-78D7-333B-93C4-F3489367F8AD} = {957F1F34-78D7-333B-93C4-F3489367F8AD}
		{D8964E9C-CC3E-310B-A8F7-0096FAB5A996} = {D8964E9C-CC3E-310B-A8F7-0096FAB5A996}
		{7DC2BB7C-89F3-36F5-A463-E7021E4C5A5E} = {7DC2BB7C-89F3-36F5-A463-E7021E4C5A5E}
		{21E3F443-ECDC-3AB0-B0D8-63BAA4107389} = {21E3F443-ECDC-3AB0-B0D8-63BAA4107389}
		{726E364B-97A3-3251-89E6-99F351827AF6} = {726E364B-97A3-3251-89E6-99F351827AF6}
		{72895090-4AEB-399A-B5FC-354715E978F7} = {72895090-4AEB-399A-B5FC-354715E978F7}
		{700C2DB7-8D23-31AD-8784-CB4BA10412AB} = {700C2DB7-8D23-31AD-8784-CB4BA10412AB}
		{83EF78E0-2072-3853-B124-696B55600357} = {83EF78E0-2072-3853-B124-696B55600357}
	EndProjectSection
EndProject
Global
	GlobalSection(SolutionConfigurationPlatforms) = preSolution
		Debug|Win32 = Debug|Win32
		Release|Win32 = Release|Win32
		MinSizeRel|Win32 = MinSizeRel|Win32
		RelWithDebInfo|Win32 = RelWithDebInfo|Win32
	EndGlobalSection
	GlobalSection(ProjectConfigurationPlatforms) = postSolution
		{B0A48984-93EA-3BD5-93DE-BC684E2A8F62}.Debug|Win32.ActiveCfg = Debug|Win32
		{B0A48984-93EA-3BD5-93DE-BC684E2A8F62}.Debug|Win32.Build.0 = Debug|Win32
		{B0A48984-93EA-3BD5-93DE-BC684E2A8F62}.Release|Win32.ActiveCfg = Release|Win32
		{B0A48984-93EA-3BD5-93DE-BC684E2A8F62}.Release|Win32.Build.0 = Release|Win32
		{B0A48984-93EA-3BD5-93DE-BC684E2A8F62}.MinSizeRel|Win32.ActiveCfg = MinSizeRel|Win32
		{B0A48984-93EA-3BD5-93DE-BC684E2A8F62}.MinSizeRel|Win32.Build.0 = MinSizeRel|Win32
		{B0A48984-93EA-3BD5-93DE-BC684E2A8F62}.RelWithDebInfo|Win32.ActiveCfg = RelWithDebInfo|Win32
		{B0A48984-93EA-3BD5-93DE-BC684E2A8F62}.RelWithDebInfo|Win32.Build.0 = RelWithDebInfo|Win32
		{9336A4C6-443B-35CF-BD63-E625FCC504CC}.Debug|Win32.ActiveCfg = Debug|Win32
		{9336A4C6-443B-35CF-BD63-E625FCC504CC}.Debug|Win32.Build.0 = Debug|Win32
		{9336A4C6-443B-35CF-BD63-E625FCC504CC}.Release|Win32.ActiveCfg = Release|Win32
		{9336A4C6-443B-35CF-BD63-E625FCC504CC}.Release|Win32.Build.0 = Release|Win32
		{9336A4C6-443B-35CF-BD63-E625FCC504CC}.MinSizeRel|Win32.ActiveCfg = MinSizeRel|Win32
		{9336A4C6-443B-35CF-BD63-E625FCC504CC}.MinSizeRel|Win32.Build.0 = MinSizeRel|Win32
		{9336A4C6-443B-35CF-BD63-E625FCC504CC}.RelWithDebInfo|Win32.ActiveCfg = RelWithDebInfo|Win32
		{9336A4C6-443B-35CF-BD63-E625FCC504CC}.RelWithDebInfo|Win32.Build.0 = RelWithDebInfo|Win32
		{2673449D-A09D-320D-BD45-5F8FCF5A0D0D}.Debug|Win32.ActiveCfg = Debug|Win32
		{2673449D-A09D-320D-BD45-5F8FCF5A0D0D}.Debug|Win32.Build.0 = Debug|Win32
		{2673449D-A09D-320D-BD45-5F8FCF5A0D0D}.Release|Win32.ActiveCfg = Release|Win32
		{2673449D-A09D-320D-BD45-5F8FCF5A0D0D}.Release|Win32.Build.0 = Release|Win32
		{2673449D-A09D-320D-BD45-5F8FCF5A0D0D}.MinSizeRel|Win32.ActiveCfg = MinSizeRel|Win32
		{2673449D-A09D-320D-BD45-5F8FCF5A0D0D}.MinSizeRel|Win32.Build.0 = MinSizeRel|Win32
		{2673449D-A09D-320D-BD45-5F8FCF5A0D0D}.RelWithDebInfo|Win32.ActiveCfg = RelWithDebInfo|Win32
		{2673449D-A09D-320D-BD45-5F8FCF5A0D0D}.RelWithDebInfo|Win32.Build.0 = RelWithDebInfo|Win32
		{C15E796B-CDB8-3FFE-B137-14B5A86D7FA8}.Debug|Win32.ActiveCfg = Debug|Win32
		{C15E796B-CDB8-3FFE-B137-14B5A86D7FA8}.Debug|Win32.Build.0 = Debug|Win32
		{C15E796B-CDB8-3FFE-B137-14B5A86D7FA8}.Release|Win32.ActiveCfg = Release|Win32
		{C15E796B-CDB8-3FFE-B137-14B5A86D7FA8}.Release|Win32.Build.0 = Release|Win32
		{C15E796B-CDB8-3FFE-B137-14B5A86D7FA8}.MinSizeRel|Win32.ActiveCfg = MinSizeRel|Win32
		{C15E796B-CDB8-3FFE-B137-14B5A86D7FA8}.MinSizeRel|Win32.Build.0 = MinSizeRel|Win32
		{C15E796B-CDB8-3FFE-B137-14B5A86D7FA8}.RelWithDebInfo|Win32.ActiveCfg = RelWithDebInfo|Win32
		{C15E796B-CDB8-3FFE-B137-14B5A86D7FA8}.RelWithDebInfo|Win32.Build.0 = RelWithDebInfo|Win32
		{B2228889-C677-3C24-8CD3-2EB3E24227A4}.Debug|Win32.ActiveCfg = Debug|Win32
		{B2228889-C677-3C24-8CD3-2EB3E24227A4}.Debug|Win32.Build.0 = Debug|Win32
		{B2228889-C677-3C24-8CD3-2EB3E24227A4}.Release|Win32.ActiveCfg = Release|Win32
		{B2228889-C677-3C24-8CD3-2EB3E24227A4}.Release|Win32.Build.0 = Release|Win32
		{B2228889-C677-3C24-8CD3-2EB3E24227A4}.MinSizeRel|Win32.ActiveCfg = MinSizeRel|Win32
		{B2228889-C677-3C24-8CD3-2EB3E24227A4}.MinSizeRel|Win32.Build.0 = MinSizeRel|Win32
		{B2228889-C677-3C24-8CD3-2EB3E24227A4}.RelWithDebInfo|Win32.ActiveCfg = RelWithDebInfo|Win32
		{B2228889-C677-3C24-8CD3-2EB3E24227A4}.RelWithDebInfo|Win32.Build.0 = RelWithDebInfo|Win32
		{C2B212D8-34E9-331B-BAF1-CFE65454EC23}.Debug|Win32.ActiveCfg = Debug|Win32
		{C2B212D8-34E9-331B-BAF1-CFE65454EC23}.Debug|Win32.Build.0 = Debug|Win32
		{C2B212D8-34E9-331B-BAF1-CFE65454EC23}.Release|Win32.ActiveCfg = Release|Win32
		{C2B212D8-34E9-331B-BAF1-CFE65454EC23}.Release|Win32.Build.0 = Release|Win32
		{C2B212D8-34E9-331B-BAF1-CFE65454EC23}.MinSizeRel|Win32.ActiveCfg = MinSizeRel|Win32
		{C2B212D8-34E9-331B-BAF1-CFE65454EC23}.MinSizeRel|Win32.Build.0 = MinSizeRel|Win32
		{C2B212D8-34E9-331B-BAF1-CFE65454EC23}.RelWithDebInfo|Win32.ActiveCfg = RelWithDebInfo|Win32
		{C2B212D8-34E9-331B-BAF1-CFE65454EC23}.RelWithDebInfo|Win32.Build.0 = RelWithDebInfo|Win32
		{9877F738-8C47-3A78-87B6-ECBDBDAAE0D8}.Debug|Win32.ActiveCfg = Debug|Win32
		{9877F738-8C47-3A78-87B6-ECBDBDAAE0D8}.Debug|Win32.Build.0 = Debug|Win32
		{9877F738-8C47-3A78-87B6-ECBDBDAAE0D8}.Release|Win32.ActiveCfg = Release|Win32
		{9877F738-8C47-3A78-87B6-ECBDBDAAE0D8}.Release|Win32.Build.0 = Release|Win32
		{9877F738-8C47-3A78-87B6-ECBDBDAAE0D8}.MinSizeRel|Win32.ActiveCfg = MinSizeRel|Win32
		{9877F738-8C47-3A78-87B6-ECBDBDAAE0D8}.MinSizeRel|Win32.Build.0 = MinSizeRel|Win32
		{9877F738-8C47-3A78-87B6-ECBDBDAAE0D8}.RelWithDebInfo|Win32.ActiveCfg = RelWithDebInfo|Win32
		{9877F738-8C47-3A78-87B6-ECBDBDAAE0D8}.RelWithDebInfo|Win32.Build.0 = RelWithDebInfo|Win32
		{6D8D49B6-7376-3344-9AA1-5724826C96D0}.Debug|Win32.ActiveCfg = Debug|Win32
		{6D8D49B6-7376-3344-9AA1-5724826C96D0}.Debug|Win32.Build.0 = Debug|Win32
		{6D8D49B6-7376-3344-9AA1-5724826C96D0}.Release|Win32.ActiveCfg = Release|Win32
		{6D8D49B6-7376-3344-9AA1-5724826C96D0}.Release|Win32.Build.0 = Release|Win32
		{6D8D49B6-7376-3344-9AA1-5724826C96D0}.MinSizeRel|Win32.ActiveCfg = MinSizeRel|Win32
		{6D8D49B6-7376-3344-9AA1-5724826C96D0}.MinSizeRel|Win32.Build.0 = MinSizeRel|Win32
		{6D8D49B6-7376-3344-9AA1-5724826C96D0}.RelWithDebInfo|Win32.ActiveCfg = RelWithDebInfo|Win32
		{6D8D49B6-7376-3344-9AA1-5724826C96D0}.RelWithDebInfo|Win32.Build.0 = RelWithDebInfo|Win32
		{A4181186-EE72-3085-8D58-2BF095F1676E}.Debug|Win32.ActiveCfg = Debug|Win32
		{A4181186-EE72-3085-8D58-2BF095F1676E}.Debug|Win32.Build.0 = Debug|Win32
		{A4181186-EE72-3085-8D58-2BF095F1676E}.Release|Win32.ActiveCfg = Release|Win32
		{A4181186-EE72-3085-8D58-2BF095F1676E}.Release|Win32.Build.0 = Release|Win32
		{A4181186-EE72-3085-8D58-2BF095F1676E}.MinSizeRel|Win32.ActiveCfg = MinSizeRel|Win32
		{A4181186-EE72-3085-8D58-2BF095F1676E}.MinSizeRel|Win32.Build.0 = MinSizeRel|Win32
		{A4181186-EE72-3085-8D58-2BF095F1676E}.RelWithDebInfo|Win32.ActiveCfg = RelWithDebInfo|Win32
		{A4181186-EE72-3085-8D58-2BF095F1676E}.RelWithDebInfo|Win32.Build.0 = RelWithDebInfo|Win32
		{DB2A59D9-8377-3674-8C72-8F6E5604B81F}.Debug|Win32.ActiveCfg = Debug|Win32
		{DB2A59D9-8377-3674-8C72-8F6E5604B81F}.Debug|Win32.Build.0 = Debug|Win32
		{DB2A59D9-8377-3674-8C72-8F6E5604B81F}.Release|Win32.ActiveCfg = Release|Win32
		{DB2A59D9-8377-3674-8C72-8F6E5604B81F}.Release|Win32.Build.0 = Release|Win32
		{DB2A59D9-8377-3674-8C72-8F6E5604B81F}.MinSizeRel|Win32.ActiveCfg = MinSizeRel|Win32
		{DB2A59D9-8377-3674-8C72-8F6E5604B81F}.MinSizeRel|Win32.Build.0 = MinSizeRel|Win32
		{DB2A59D9-8377-3674-8C72-8F6E5604B81F}.RelWithDebInfo|Win32.ActiveCfg = RelWithDebInfo|Win32
		{DB2A59D9-8377-3674-8C72-8F6E5604B81F}.RelWithDebInfo|Win32.Build.0 = RelWithDebInfo|Win32
		{20EC129D-E462-3BE3-88CE-BB5F17DAC355}.Debug|Win32.ActiveCfg = Debug|Win32
		{20EC129D-E462-3BE3-88CE-BB5F17DAC355}.Debug|Win32.Build.0 = Debug|Win32
		{20EC129D-E462-3BE3-88CE-BB5F17DAC355}.Release|Win32.ActiveCfg = Release|Win32
		{20EC129D-E462-3BE3-88CE-BB5F17DAC355}.Release|Win32.Build.0 = Release|Win32
		{20EC129D-E462-3BE3-88CE-BB5F17DAC355}.MinSizeRel|Win32.ActiveCfg = MinSizeRel|Win32
		{20EC129D-E462-3BE3-88CE-BB5F17DAC355}.MinSizeRel|Win32.Build.0 = MinSizeRel|Win32
		{20EC129D-E462-3BE3-88CE-BB5F17DAC355}.RelWithDebInfo|Win32.ActiveCfg = RelWithDebInfo|Win32
		{20EC129D-E462-3BE3-88CE-BB5F17DAC355}.RelWithDebInfo|Win32.Build.0 = RelWithDebInfo|Win32
		{336EF54C-37F3-3A9F-A205-E74B4905A9E4}.Debug|Win32.ActiveCfg = Debug|Win32
		{336EF54C-37F3-3A9F-A205-E74B4905A9E4}.Debug|Win32.Build.0 = Debug|Win32
		{336EF54C-37F3-3A9F-A205-E74B4905A9E4}.Release|Win32.ActiveCfg = Release|Win32
		{336EF54C-37F3-3A9F-A205-E74B4905A9E4}.Release|Win32.Build.0 = Release|Win32
		{336EF54C-37F3-3A9F-A205-E74B4905A9E4}.MinSizeRel|Win32.ActiveCfg = MinSizeRel|Win32
		{336EF54C-37F3-3A9F-A205-E74B4905A9E4}.MinSizeRel|Win32.Build.0 = MinSizeRel|Win32
		{336EF54C-37F3-3A9F-A205-E74B4905A9E4}.RelWithDebInfo|Win32.ActiveCfg = RelWithDebInfo|Win32
		{336EF54C-37F3-3A9F-A205-E74B4905A9E4}.RelWithDebInfo|Win32.Build.0 = RelWithDebInfo|Win32
		{CD92DAA9-5B01-3A9E-B958-89DFC4067CF6}.Debug|Win32.ActiveCfg = Debug|Win32
		{CD92DAA9-5B01-3A9E-B958-89DFC4067CF6}.Debug|Win32.Build.0 = Debug|Win32
		{CD92DAA9-5B01-3A9E-B958-89DFC4067CF6}.Release|Win32.ActiveCfg = Release|Win32
		{CD92DAA9-5B01-3A9E-B958-89DFC4067CF6}.Release|Win32.Build.0 = Release|Win32
		{CD92DAA9-5B01-3A9E-B958-89DFC4067CF6}.MinSizeRel|Win32.ActiveCfg = MinSizeRel|Win32
		{CD92DAA9-5B01-3A9E-B958-89DFC4067CF6}.MinSizeRel|Win32.Build.0 = MinSizeRel|Win32
		{CD92DAA9-5B01-3A9E-B958-89DFC4067CF6}.RelWithDebInfo|Win32.ActiveCfg = RelWithDebInfo|Win32
		{CD92DAA9-5B01-3A9E-B958-89DFC4067CF6}.RelWithDebInfo|Win32.Build.0 = RelWithDebInfo|Win32
		{B654731D-C705-3E12-9DF3-69B2684B5459}.Debug|Win32.ActiveCfg = Debug|Win32
		{B654731D-C705-3E12-9DF3-69B2684B5459}.Release|Win32.ActiveCfg = Release|Win32
		{B654731D-C705-3E12-9DF3-69B2684B5459}.MinSizeRel|Win32.ActiveCfg = MinSizeRel|Win32
		{B654731D-C705-3E12-9DF3-69B2684B5459}.RelWithDebInfo|Win32.ActiveCfg = RelWithDebInfo|Win32
		{957F1F34-78D7-333B-93C4-F3489367F8AD}.Debug|Win32.ActiveCfg = Debug|Win32
		{957F1F34-78D7-333B-93C4-F3489367F8AD}.Debug|Win32.Build.0 = Debug|Win32
		{957F1F34-78D7-333B-93C4-F3489367F8AD}.Release|Win32.ActiveCfg = Release|Win32
		{957F1F34-78D7-333B-93C4-F3489367F8AD}.Release|Win32.Build.0 = Release|Win32
		{957F1F34-78D7-333B-93C4-F3489367F8AD}.MinSizeRel|Win32.ActiveCfg = MinSizeRel|Win32
		{957F1F34-78D7-333B-93C4-F3489367F8AD}.MinSizeRel|Win32.Build.0 = MinSizeRel|Win32
		{957F1F34-78D7-333B-93C4-F3489367F8AD}.RelWithDebInfo|Win32.ActiveCfg = RelWithDebInfo|Win32
		{957F1F34-78D7-333B-93C4-F3489367F8AD}.RelWithDebInfo|Win32.Build.0 = RelWithDebInfo|Win32
		{D8964E9C-CC3E-310B-A8F7-0096FAB5A996}.Debug|Win32.ActiveCfg = Debug|Win32
		{D8964E9C-CC3E-310B-A8F7-0096FAB5A996}.Debug|Win32.Build.0 = Debug|Win32
		{D8964E9C-CC3E-310B-A8F7-0096FAB5A996}.Release|Win32.ActiveCfg = Release|Win32
		{D8964E9C-CC3E-310B-A8F7-0096FAB5A996}.Release|Win32.Build.0 = Release|Win32
		{D8964E9C-CC3E-310B-A8F7-0096FAB5A996}.MinSizeRel|Win32.ActiveCfg = MinSizeRel|Win32
		{D8964E9C-CC3E-310B-A8F7-0096FAB5A996}.MinSizeRel|Win32.Build.0 = MinSizeRel|Win32
		{D8964E9C-CC3E-310B-A8F7-0096FAB5A996}.RelWithDebInfo|Win32.ActiveCfg = RelWithDebInfo|Win32
		{D8964E9C-CC3E-310B-A8F7-0096FAB5A996}.RelWithDebInfo|Win32.Build.0 = RelWithDebInfo|Win32
		{7DC2BB7C-89F3-36F5-A463-E7021E4C5A5E}.Debug|Win32.ActiveCfg = Debug|Win32
		{7DC2BB7C-89F3-36F5-A463-E7021E4C5A5E}.Debug|Win32.Build.0 = Debug|Win32
		{7DC2BB7C-89F3-36F5-A463-E7021E4C5A5E}.Release|Win32.ActiveCfg = Release|Win32
		{7DC2BB7C-89F3-36F5-A463-E7021E4C5A5E}.Release|Win32.Build.0 = Release|Win32
		{7DC2BB7C-89F3-36F5-A463-E7021E4C5A5E}.MinSizeRel|Win32.ActiveCfg = MinSizeRel|Win32
		{7DC2BB7C-89F3-36F5-A463-E7021E4C5A5E}.MinSizeRel|Win32.Build.0 = MinSizeRel|Win32
		{7DC2BB7C-89F3-36F5-A463-E7021E4C5A5E}.RelWithDebInfo|Win32.ActiveCfg = RelWithDebInfo|Win32
		{7DC2BB7C-89F3-36F5-A463-E7021E4C5A5E}.RelWithDebInfo|Win32.Build.0 = RelWithDebInfo|Win32
		{21E3F443-ECDC-3AB0-B0D8-63BAA4107389}.Debug|Win32.ActiveCfg = Debug|Win32
		{21E3F443-ECDC-3AB0-B0D8-63BAA4107389}.Debug|Win32.Build.0 = Debug|Win32
		{21E3F443-ECDC-3AB0-B0D8-63BAA4107389}.Release|Win32.ActiveCfg = Release|Win32
		{21E3F443-ECDC-3AB0-B0D8-63BAA4107389}.Release|Win32.Build.0 = Release|Win32
		{21E3F443-ECDC-3AB0-B0D8-63BAA4107389}.MinSizeRel|Win32.ActiveCfg = MinSizeRel|Win32
		{21E3F443-ECDC-3AB0-B0D8-63BAA4107389}.MinSizeRel|Win32.Build.0 = MinSizeRel|Win32
		{21E3F443-ECDC-3AB0-B0D8-63BAA4107389}.RelWithDebInfo|Win32.ActiveCfg = RelWithDebInfo|Win32
		{21E3F443-ECDC-3AB0-B0D8-63BAA4107389}.RelWithDebInfo|Win32.Build.0 = RelWithDebInfo|Win32
		{726E364B-97A3-3251-89E6-99F351827AF6}.Debug|Win32.ActiveCfg = Debug|Win32
		{726E364B-97A3-3251-89E6-99F351827AF6}.Debug|Win32.Build.0 = Debug|Win32
		{726E364B-97A3-3251-89E6-99F351827AF6}.Release|Win32.ActiveCfg = Release|Win32
		{726E364B-97A3-3251-89E6-99F351827AF6}.Release|Win32.Build.0 = Release|Win32
		{726E364B-97A3-3251-89E6-99F351827AF6}.MinSizeRel|Win32.ActiveCfg = MinSizeRel|Win32
		{726E364B-97A3-3251-89E6-99F351827AF6}.MinSizeRel|Win32.Build.0 = MinSizeRel|Win32
		{726E364B-97A3-3251-89E6-99F351827AF6}.RelWithDebInfo|Win32.ActiveCfg = RelWithDebInfo|Win32
		{726E364B-97A3-3251-89E6-99F351827AF6}.RelWithDebInfo|Win32.Build.0 = RelWithDebInfo|Win32
		{72895090-4AEB-399A-B5FC-354715E978F7}.Debug|Win32.ActiveCfg = Debug|Win32
		{72895090-4AEB-399A-B5FC-354715E978F7}.Debug|Win32.Build.0 = Debug|Win32
		{72895090-4AEB-399A-B5FC-354715E978F7}.Release|Win32.ActiveCfg = Release|Win32
		{72895090-4AEB-399A-B5FC-354715E978F7}.Release|Win32.Build.0 = Release|Win32
		{72895090-4AEB-399A-B5FC-354715E978F7}.MinSizeRel|Win32.ActiveCfg = MinSizeRel|Win32
		{72895090-4AEB-399A-B5FC-354715E978F7}.MinSizeRel|Win32.Build.0 = MinSizeRel|Win32
		{72895090-4AEB-399A-B5FC-354715E978F7}.RelWithDebInfo|Win32.ActiveCfg = RelWithDebInfo|Win32
		{72895090-4AEB-399A-B5FC-354715E978F7}.RelWithDebInfo|Win32.Build.0 = RelWithDebInfo|Win32
		{700C2DB7-8D23-31AD-8784-CB4BA10412AB}.Debug|Win32.ActiveCfg = Debug|Win32
		{700C2DB7-8D23-31AD-8784-CB4BA10412AB}.Debug|Win32.Build.0 = Debug|Win32
		{700C2DB7-8D23-31AD-8784-CB4BA10412AB}.Release|Win32.ActiveCfg = Release|Win32
		{700C2DB7-8D23-31AD-8784-CB4BA10412AB}.Release|Win32.Build.0 = Release|Win32
		{700C2DB7-8D23-31AD-8784-CB4BA10412AB}.MinSizeRel|Win32.ActiveCfg = MinSizeRel|Win32
		{700C2DB7-8D23-31AD-8784-CB4BA10412AB}.MinSizeRel|Win32.Build.0 = MinSizeRel|Win32
		{700C2DB7-8D23-31AD-8784-CB4BA10412AB}.RelWithDebInfo|Win32.ActiveCfg = RelWithDebInfo|Win32
		{700C2DB7-8D23-31AD-8784-CB4BA10412AB}.RelWithDebInfo|Win32.Build.0 = RelWithDebInfo|Win32
		{83EF78E0-2072-3853-B124-696B55600357}.Debug|Win32.ActiveCfg = Debug|Win32
		{83EF78E0-2072-3853-B124-696B55600357}.Debug|Win32.Build.0 = Debug|Win32
		{83EF78E0-2072-3853-B124-696B55600357}.Release|Win32.ActiveCfg = Release|Win32
		{83EF78E0-2072-3853-B124-696B55600357}.Release|Win32.Build.0 = Release|Win32
		{83EF78E0-2072-3853-B124-696B55600357}.MinSizeRel|Win32.ActiveCfg = MinSizeRel|Win32
		{83EF78E0-2072-3853-B124-696B55600357}.MinSizeRel|Win32.Build.0 = MinSizeRel|Win32
		{83EF78E0-2072-3853-B124-696B55600357}.RelWithDebInfo|Win32.ActiveCfg = RelWithDebInfo|Win32
		{83EF78E0-2072-3853-B124-696B55600357}.RelWithDebInfo|Win32.Build.0 = RelWithDebInfo|Win32
		{303FA239-D1C1-375C-9A5D-80DA530E8E2B}.Debug|Win32.ActiveCfg = Debug|Win32
		{303FA239-D1C1-375C-9A5D-80DA530E8E2B}.Debug|Win32.Build.0 = Debug|Win32
		{303FA239-D1C1-375C-9A5D-80DA530E8E2B}.Release|Win32.ActiveCfg = Release|Win32
		{303FA239-D1C1-375C-9A5D-80DA530E8E2B}.Release|Win32.Build.0 = Release|Win32
		{303FA239-D1C1-375C-9A5D-80DA530E8E2B}.MinSizeRel|Win32.ActiveCfg = MinSizeRel|Win32
		{303FA239-D1C1-375C-9A5D-80DA530E8E2B}.MinSizeRel|Win32.Build.0 = MinSizeRel|Win32
		{303FA239-D1C1-375C-9A5D-80DA530E8E2B}.RelWithDebInfo|Win32.ActiveCfg = RelWithDebInfo|Win32
		{303FA239-D1C1-375C-9A5D-80DA530E8E2B}.RelWithDebInfo|Win32.Build.0 = RelWithDebInfo|Win32
	EndGlobalSection
	GlobalSection(ExtensibilityGlobals) = postSolution
		SolutionGuid = {F2CCE818-E04C-31D2-9B96-58B52F44C0ED}
	EndGlobalSection
	GlobalSection(ExtensibilityAddIns) = postSolution
	EndGlobalSection
EndGlobal
